# @generated - this file is auto-generated by `mise lock` https://mise.jdx.dev/dev-tools/mise-lock.html

[[tools."cargo:cargo-afl"]]
version = "0.18.2"
backend = "cargo:cargo-afl"

[[tools.rust]]
version = "nightly-2026-06-10"
backend = "core:rust"

[tools.rust.options]
components = "llvm-tools,rust-src"
profile = "minimal"
