# @generated - this file is auto-generated by `mise lock` https://mise.jdx.dev/dev-tools/mise-lock.html

[[tools.actionlint]]
version = "1.7.9"
backend = "aqua:rhysd/actionlint"

[tools.actionlint."platforms.linux-arm64"]
checksum = "sha256:6b82a3b8c808bf1bcd39a95aced22fc1a026eef08ede410f81e274af8deadbbc"
url = "https://github.com/rhysd/actionlint/releases/download/v1.7.9/actionlint_1.7.9_linux_arm64.tar.gz"

[tools.actionlint."platforms.linux-arm64-musl"]
checksum = "sha256:6b82a3b8c808bf1bcd39a95aced22fc1a026eef08ede410f81e274af8deadbbc"
url = "https://github.com/rhysd/actionlint/releases/download/v1.7.9/actionlint_1.7.9_linux_arm64.tar.gz"

[tools.actionlint."platforms.linux-x64"]
checksum = "sha256:233b280d05e100837f4af1433c7b40a5dcb306e3aa68fb4f17f8a7f45a7df7b4"
url = "https://github.com/rhysd/actionlint/releases/download/v1.7.9/actionlint_1.7.9_linux_amd64.tar.gz"

[tools.actionlint."platforms.linux-x64-musl"]
checksum = "sha256:233b280d05e100837f4af1433c7b40a5dcb306e3aa68fb4f17f8a7f45a7df7b4"
url = "https://github.com/rhysd/actionlint/releases/download/v1.7.9/actionlint_1.7.9_linux_amd64.tar.gz"

[tools.actionlint."platforms.macos-arm64"]
checksum = "sha256:855e49e823fc68c6371fd6967e359cde11912d8d44fed343283c8e6e943bd789"
url = "https://github.com/rhysd/actionlint/releases/download/v1.7.9/actionlint_1.7.9_darwin_arm64.tar.gz"

[tools.actionlint."platforms.macos-x64"]
checksum = "sha256:f89a910e90e536f60df7c504160247db01dd67cab6f08c064c1c397b76c91a79"
url = "https://github.com/rhysd/actionlint/releases/download/v1.7.9/actionlint_1.7.9_darwin_amd64.tar.gz"

[tools.actionlint."platforms.windows-x64"]
checksum = "sha256:7c8b10a93723838bc3533f6e1886d868fdbb109b81606ebe6d1a533d11d8e978"
url = "https://github.com/rhysd/actionlint/releases/download/v1.7.9/actionlint_1.7.9_windows_amd64.zip"

[[tools.bats]]
version = "1.13.0"
backend = "aqua:bats-core/bats-core"

[tools.bats."platforms.linux-arm64"]
url = "https://github.com/bats-core/bats-core/archive/refs/tags/v1.13.0.tar.gz"

[tools.bats."platforms.linux-arm64-musl"]
url = "https://github.com/bats-core/bats-core/archive/refs/tags/v1.13.0.tar.gz"

[tools.bats."platforms.linux-x64"]
url = "https://github.com/bats-core/bats-core/archive/refs/tags/v1.13.0.tar.gz"

[tools.bats."platforms.linux-x64-musl"]
url = "https://github.com/bats-core/bats-core/archive/refs/tags/v1.13.0.tar.gz"

[tools.bats."platforms.macos-arm64"]
url = "https://github.com/bats-core/bats-core/archive/refs/tags/v1.13.0.tar.gz"

[tools.bats."platforms.macos-x64"]
url = "https://github.com/bats-core/bats-core/archive/refs/tags/v1.13.0.tar.gz"

[[tools.prettier]]
version = "3.6.2"
backend = "npm:prettier"

[[tools.python]]
version = "3.11.14"
backend = "core:python"

[tools.python."platforms.linux-arm64"]
checksum = "sha256:2f0ddbf14af77bb8c2348f51dcdf1d59e5ff5f569ea4333e39253fbe76d37597"
url = "https://github.com/astral-sh/python-build-standalone/releases/download/20260211/cpython-3.11.14+20260211-aarch64-unknown-linux-gnu-install_only_stripped.tar.gz"
provenance = "github-attestations"

[tools.python."platforms.linux-arm64-musl"]
checksum = "sha256:2f0ddbf14af77bb8c2348f51dcdf1d59e5ff5f569ea4333e39253fbe76d37597"
url = "https://github.com/astral-sh/python-build-standalone/releases/download/20260211/cpython-3.11.14+20260211-aarch64-unknown-linux-gnu-install_only_stripped.tar.gz"
provenance = "github-attestations"

[tools.python."platforms.linux-x64"]
checksum = "sha256:1fb6a89daa750f7eff00eb65d901c3c236713812eb9c8c7e07ecdfcd78203c8e"
url = "https://github.com/astral-sh/python-build-standalone/releases/download/20260211/cpython-3.11.14+20260211-x86_64-unknown-linux-gnu-install_only_stripped.tar.gz"
provenance = "github-attestations"

[tools.python."platforms.linux-x64-musl"]
checksum = "sha256:1fb6a89daa750f7eff00eb65d901c3c236713812eb9c8c7e07ecdfcd78203c8e"
url = "https://github.com/astral-sh/python-build-standalone/releases/download/20260211/cpython-3.11.14+20260211-x86_64-unknown-linux-gnu-install_only_stripped.tar.gz"
provenance = "github-attestations"

[tools.python."platforms.macos-arm64"]
checksum = "sha256:d5f10f6fdc6f4afb5d251578edb89d8c0ece8f9f56e38b0019e2a94e8f0f4852"
url = "https://github.com/astral-sh/python-build-standalone/releases/download/20260211/cpython-3.11.14+20260211-aarch64-apple-darwin-install_only_stripped.tar.gz"
provenance = "github-attestations"

[tools.python."platforms.macos-x64"]
checksum = "sha256:7d335ad1c055fcc307723ae016018d8f861b0d49a80f43d5d4d595e7092dcae5"
url = "https://github.com/astral-sh/python-build-standalone/releases/download/20260211/cpython-3.11.14+20260211-x86_64-apple-darwin-install_only_stripped.tar.gz"
provenance = "github-attestations"

[tools.python."platforms.windows-x64"]
checksum = "sha256:db4a7b6389961f194ef5c1cb21a46c023dbc13703ac51f7bd7eaa1088740ca72"
url = "https://github.com/astral-sh/python-build-standalone/releases/download/20260211/cpython-3.11.14+20260211-x86_64-pc-windows-msvc-install_only_stripped.tar.gz"
provenance = "github-attestations"

[[tools.shellcheck]]
version = "0.9.0"
backend = "aqua:koalaman/shellcheck"

[tools.shellcheck."platforms.linux-arm64"]
url = "https://github.com/koalaman/shellcheck/releases/download/v0.9.0/shellcheck-v0.9.0.linux.aarch64.tar.xz"

[tools.shellcheck."platforms.linux-arm64-musl"]
url = "https://github.com/koalaman/shellcheck/releases/download/v0.9.0/shellcheck-v0.9.0.linux.aarch64.tar.xz"

[tools.shellcheck."platforms.linux-x64"]
url = "https://github.com/koalaman/shellcheck/releases/download/v0.9.0/shellcheck-v0.9.0.linux.x86_64.tar.xz"

[tools.shellcheck."platforms.linux-x64-musl"]
url = "https://github.com/koalaman/shellcheck/releases/download/v0.9.0/shellcheck-v0.9.0.linux.x86_64.tar.xz"

[tools.shellcheck."platforms.macos-arm64"]
url = "https://github.com/koalaman/shellcheck/releases/download/v0.9.0/shellcheck-v0.9.0.darwin.x86_64.tar.xz"

[tools.shellcheck."platforms.macos-x64"]
url = "https://github.com/koalaman/shellcheck/releases/download/v0.9.0/shellcheck-v0.9.0.darwin.x86_64.tar.xz"

[tools.shellcheck."platforms.windows-x64"]
url = "https://github.com/koalaman/shellcheck/releases/download/v0.9.0/shellcheck-v0.9.0.zip"

[[tools.shfmt]]
version = "3.9.0"
backend = "aqua:mvdan/sh"

[tools.shfmt."platforms.linux-arm64"]
checksum = "sha256:5e511463068f3d27ae1b087fb597fb9e8ad865be2ac501964a222a834fc1c463"
url = "https://github.com/mvdan/sh/releases/download/v3.9.0/shfmt_v3.9.0_linux_arm64"

[tools.shfmt."platforms.linux-arm64-musl"]
checksum = "sha256:5e511463068f3d27ae1b087fb597fb9e8ad865be2ac501964a222a834fc1c463"
url = "https://github.com/mvdan/sh/releases/download/v3.9.0/shfmt_v3.9.0_linux_arm64"

[tools.shfmt."platforms.linux-x64"]
checksum = "sha256:d99b06506aee2ac9113daec3049922e70dc8cffb84658e3ae512c6a6cbe101b6"
url = "https://github.com/mvdan/sh/releases/download/v3.9.0/shfmt_v3.9.0_linux_amd64"

[tools.shfmt."platforms.linux-x64-musl"]
checksum = "sha256:d99b06506aee2ac9113daec3049922e70dc8cffb84658e3ae512c6a6cbe101b6"
url = "https://github.com/mvdan/sh/releases/download/v3.9.0/shfmt_v3.9.0_linux_amd64"

[tools.shfmt."platforms.macos-arm64"]
checksum = "sha256:7d89694369a516b2d5a68b31f8be2da04c91f50fb7cdd8e41003081b814ba3e8"
url = "https://github.com/mvdan/sh/releases/download/v3.9.0/shfmt_v3.9.0_darwin_arm64"

[tools.shfmt."platforms.macos-x64"]
checksum = "sha256:3e1ac72e91ba88ce483766e57a1aa41fa502a0f9d5a47f5f5cd3663badcecee4"
url = "https://github.com/mvdan/sh/releases/download/v3.9.0/shfmt_v3.9.0_darwin_amd64"

[tools.shfmt."platforms.windows-x64"]
checksum = "sha256:4ea136134248ac8ebbf9103370ddcd951b515a9e9bfba903252f12fd067bb5e9"
url = "https://github.com/mvdan/sh/releases/download/v3.9.0/shfmt_v3.9.0_windows_amd64.exe"
