lockfileVersion: '6.0'

settings:
  autoInstallPeers: true
  excludeLinksFromLockfile: false

dependencies:
  '@fontsource/source-sans-pro':
    specifier: ^4.5.11
    version: 4.5.11
  flowbite:
    specifier: ^1.6.5
    version: 1.6.5

packages:

  /@fontsource/source-sans-pro@4.5.11:
    resolution: {integrity: sha512-f7iw44q1EjBv3MNcHCGAgrW/QVyweaEouFsJzykPhTOGnZFSwFJRISToXornOmuAy7xUUGiVdqOLiykgZoYB8A==}
    dev: false

  /@popperjs/core@2.11.8:
    resolution: {integrity: sha512-P1st0aksCrn9sGZhp8GMYwBnQsbvAWsZAX44oXNNvLHGqAOcoVxmjZiohstwQ7SqKnbR47akdNi+uleWD8+g6A==}
    dev: false

  /flowbite@1.6.5:
    resolution: {integrity: sha512-eI4h3pIRI9d7grlYq14r0A01KUtw7189sPLLx/O2i7JyPEWpbleScfYuEc48XTeNjk1xxm/JHgZkD9kjyOWAlA==}
    dependencies:
      '@popperjs/core': 2.11.8
      mini-svg-data-uri: 1.4.4
    dev: false

  /mini-svg-data-uri@1.4.4:
    resolution: {integrity: sha512-r9deDe9p5FJUPZAk3A59wGH7Ii9YrjjWw0jmw/liSbHl2CHiyXj6FcDXDu2K3TjVAXqiJdaw3xxwlZZr9E6nHg==}
    hasBin: true
    dev: false
