%{
  "acceptor_pool": {:hex, :acceptor_pool, "1.0.0", "43c20d2acae35f0c2bcd64f9d2bde267e459f0f3fd23dab26485bf518c281b21", [:rebar3], [], "hexpm", "0cbcd83fdc8b9ad2eee2067ef8b91a14858a5883cb7cd800e6fcd5803e158788"},
  "argon2_elixir": {:hex, :argon2_elixir, "2.4.1", "edb27bdd326bc738f3e4614eddc2f73507be6fedc9533c6bcc6f15bbac9c85cc", [:make, :mix], [{:comeonin, "~> 5.3", [hex: :comeonin, repo: "hexpm", optional: false]}, {:elixir_make, "~> 0.6", [hex: :elixir_make, repo: "hexpm", optional: false]}], "hexpm", "0e21f52a373739d00bdfd5fe6da2f04eea623cb4f66899f7526dd9db03903d9f"},
  "bunt": {:hex, :bunt, "0.2.1", "e2d4792f7bc0ced7583ab54922808919518d0e57ee162901a16a1b6664ef3b14", [:mix], [], "hexpm", "a330bfb4245239787b15005e66ae6845c9cd524a288f0d141c148b02603777a5"},
  "bureaucrat": {:hex, :bureaucrat, "0.2.9", "d98e4d2b9bdbf22e4a45c2113ce8b38b5b63278506c6ff918e3b943a4355d85b", [:mix], [{:inflex, ">= 1.10.0", [hex: :inflex, repo: "hexpm", optional: false]}, {:phoenix, ">= 1.2.0", [hex: :phoenix, repo: "hexpm", optional: true]}, {:plug, ">= 1.0.0", [hex: :plug, repo: "hexpm", optional: false]}, {:poison, "~> 1.5 or ~> 2.0 or ~> 3.0 or ~> 4.0", [hex: :poison, repo: "hexpm", optional: true]}], "hexpm", "111c8dd84382a62e1026ae011d592ceee918553e5203fe8448d9ba6ccbdfff7d"},
  "bypass": {:hex, :bypass, "2.1.0", "909782781bf8e20ee86a9cabde36b259d44af8b9f38756173e8f5e2e1fabb9b1", [:mix], [{:plug, "~> 1.7", [hex: :plug, repo: "hexpm", optional: false]}, {:plug_cowboy, "~> 2.0", [hex: :plug_cowboy, repo: "hexpm", optional: false]}, {:ranch, "~> 1.3", [hex: :ranch, repo: "hexpm", optional: false]}], "hexpm", "d9b5df8fa5b7a6efa08384e9bbecfe4ce61c77d28a4282f79e02f1ef78d96b80"},
  "castore": {:hex, :castore, "1.0.3", "7130ba6d24c8424014194676d608cb989f62ef8039efd50ff4b3f33286d06db8", [:mix], [], "hexpm", "680ab01ef5d15b161ed6a95449fac5c6b8f60055677a8e79acf01b27baa4390b"},
  "certifi": {:hex, :certifi, "2.9.0", "6f2a475689dd47f19fb74334859d460a2dc4e3252a3324bd2111b8f0429e7e21", [:rebar3], [], "hexpm", "266da46bdb06d6c6d35fde799bcb28d36d985d424ad7c08b5bb48f5b5cdd4641"},
  "chatterbox": {:hex, :ts_chatterbox, "0.13.0", "6f059d97bcaa758b8ea6fffe2b3b81362bd06b639d3ea2bb088335511d691ebf", [:rebar3], [{:hpack, "~> 0.2.3", [hex: :hpack_erl, repo: "hexpm", optional: false]}], "hexpm", "b93d19104d86af0b3f2566c4cba2a57d2e06d103728246ba1ac6c3c0ff010aa7"},
  "cidr": {:git, "https://github.com/firezone/cidr-elixir.git", "a32125127a7910f476734f45391ba6d37036ee11", []},
  "cldr_utils": {:hex, :cldr_utils, "2.24.1", "5ff8c8c55f96666228827bcf85a23d632022def200566346545d01d15e4c30dc", [:mix], [{:castore, "~> 0.1 or ~> 1.0", [hex: :castore, repo: "hexpm", optional: true]}, {:certifi, "~> 2.5", [hex: :certifi, repo: "hexpm", optional: true]}, {:decimal, "~> 1.9 or ~> 2.0", [hex: :decimal, repo: "hexpm", optional: false]}], "hexpm", "1820300531b5b849d0bc468e5a87cd64f8f2c5191916f548cbe69b2efc203780"},
  "combine": {:hex, :combine, "0.10.0", "eff8224eeb56498a2af13011d142c5e7997a80c8f5b97c499f84c841032e429f", [:mix], [], "hexpm", "1b1dbc1790073076580d0d1d64e42eae2366583e7aecd455d1215b0d16f2451b"},
  "comeonin": {:hex, :comeonin, "5.3.3", "2c564dac95a35650e9b6acfe6d2952083d8a08e4a89b93a481acb552b325892e", [:mix], [], "hexpm", "3e38c9c2cb080828116597ca8807bb482618a315bfafd98c90bc22a821cc84df"},
  "connection": {:hex, :connection, "1.1.0", "ff2a49c4b75b6fb3e674bfc5536451607270aac754ffd1bdfe175abe4a6d7a68", [:mix], [], "hexpm", "722c1eb0a418fbe91ba7bd59a47e28008a189d47e37e0e7bb85585a016b2869c"},
  "cowboy": {:hex, :cowboy, "2.10.0", "ff9ffeff91dae4ae270dd975642997afe2a1179d94b1887863e43f681a203e26", [:make, :rebar3], [{:cowlib, "2.12.1", [hex: :cowlib, repo: "hexpm", optional: false]}, {:ranch, "1.8.0", [hex: :ranch, repo: "hexpm", optional: false]}], "hexpm", "3afdccb7183cc6f143cb14d3cf51fa00e53db9ec80cdcd525482f5e99bc41d6b"},
  "cowboy_telemetry": {:hex, :cowboy_telemetry, "0.4.0", "f239f68b588efa7707abce16a84d0d2acf3a0f50571f8bb7f56a15865aae820c", [:rebar3], [{:cowboy, "~> 2.7", [hex: :cowboy, repo: "hexpm", optional: false]}, {:telemetry, "~> 1.0", [hex: :telemetry, repo: "hexpm", optional: false]}], "hexpm", "7d98bac1ee4565d31b62d59f8823dfd8356a169e7fcbb83831b8a5397404c9de"},
  "cowlib": {:hex, :cowlib, "2.12.1", "a9fa9a625f1d2025fe6b462cb865881329b5caff8f1854d1cbc9f9533f00e1e1", [:make, :rebar3], [], "hexpm", "163b73f6367a7341b33c794c4e88e7dbfe6498ac42dcd69ef44c5bc5507c8db0"},
  "credo": {:hex, :credo, "1.7.0", "6119bee47272e85995598ee04f2ebbed3e947678dee048d10b5feca139435f75", [:mix], [{:bunt, "~> 0.2.1", [hex: :bunt, repo: "hexpm", optional: false]}, {:file_system, "~> 0.2.8", [hex: :file_system, repo: "hexpm", optional: false]}, {:jason, "~> 1.0", [hex: :jason, repo: "hexpm", optional: false]}], "hexpm", "6839fcf63d1f0d1c0f450abc8564a57c43d644077ab96f2934563e68b8a769d7"},
  "ctx": {:hex, :ctx, "0.6.0", "8ff88b70e6400c4df90142e7f130625b82086077a45364a78d208ed3ed53c7fe", [:rebar3], [], "hexpm", "a14ed2d1b67723dbebbe423b28d7615eb0bdcba6ff28f2d1f1b0a7e1d4aa5fc2"},
  "db_connection": {:hex, :db_connection, "2.5.0", "bb6d4f30d35ded97b29fe80d8bd6f928a1912ca1ff110831edcd238a1973652c", [:mix], [{:telemetry, "~> 0.4 or ~> 1.0", [hex: :telemetry, repo: "hexpm", optional: false]}], "hexpm", "c92d5ba26cd69ead1ff7582dbb860adeedfff39774105a4f1c92cbb654b55aa2"},
  "decimal": {:hex, :decimal, "2.1.1", "5611dca5d4b2c3dd497dec8f68751f1f1a54755e8ed2a966c2633cf885973ad6", [:mix], [], "hexpm", "53cfe5f497ed0e7771ae1a475575603d77425099ba5faef9394932b35020ffcc"},
  "dialyxir": {:hex, :dialyxir, "1.3.0", "fd1672f0922b7648ff9ce7b1b26fcf0ef56dda964a459892ad15f6b4410b5284", [:mix], [{:erlex, ">= 0.2.6", [hex: :erlex, repo: "hexpm", optional: false]}], "hexpm", "00b2a4bcd6aa8db9dcb0b38c1225b7277dca9bc370b6438715667071a304696f"},
  "digital_token": {:hex, :digital_token, "0.6.0", "13e6de581f0b1f6c686f7c7d12ab11a84a7b22fa79adeb4b50eec1a2d278d258", [:mix], [{:cldr_utils, "~> 2.17", [hex: :cldr_utils, repo: "hexpm", optional: false]}, {:jason, "~> 1.0", [hex: :jason, repo: "hexpm", optional: true]}], "hexpm", "2455d626e7c61a128b02a4a8caddb092548c3eb613ac6f6a85e4cbb6caddc4d1"},
  "earmark_parser": {:hex, :earmark_parser, "1.4.29", "149d50dcb3a93d9f3d6f3ecf18c918fb5a2d3c001b5d3305c926cddfbd33355b", [:mix], [], "hexpm", "4902af1b3eb139016aed210888748db8070b8125c2342ce3dcae4f38dcc63503"},
  "ecto": {:hex, :ecto, "3.10.2", "6b887160281a61aa16843e47735b8a266caa437f80588c3ab80a8a960e6abe37", [:mix], [{:decimal, "~> 1.6 or ~> 2.0", [hex: :decimal, repo: "hexpm", optional: false]}, {:jason, "~> 1.0", [hex: :jason, repo: "hexpm", optional: true]}, {:telemetry, "~> 0.4 or ~> 1.0", [hex: :telemetry, repo: "hexpm", optional: false]}], "hexpm", "6a895778f0d7648a4b34b486af59a1c8009041fbdf2b17f1ac215eb829c60235"},
  "ecto_sql": {:hex, :ecto_sql, "3.10.1", "6ea6b3036a0b0ca94c2a02613fd9f742614b5cfe494c41af2e6571bb034dd94c", [:mix], [{:db_connection, "~> 2.4.1 or ~> 2.5", [hex: :db_connection, repo: "hexpm", optional: false]}, {:ecto, "~> 3.10.0", [hex: :ecto, repo: "hexpm", optional: false]}, {:myxql, "~> 0.6.0", [hex: :myxql, repo: "hexpm", optional: true]}, {:postgrex, "~> 0.16.0 or ~> 0.17.0 or ~> 1.0", [hex: :postgrex, repo: "hexpm", optional: true]}, {:tds, "~> 2.1.1 or ~> 2.2", [hex: :tds, repo: "hexpm", optional: true]}, {:telemetry, "~> 0.4.0 or ~> 1.0", [hex: :telemetry, repo: "hexpm", optional: false]}], "hexpm", "f6a25bdbbd695f12c8171eaff0851fa4c8e72eec1e98c7364402dda9ce11c56b"},
  "elixir_make": {:hex, :elixir_make, "0.7.7", "7128c60c2476019ed978210c245badf08b03dbec4f24d05790ef791da11aa17c", [:mix], [{:castore, "~> 0.1 or ~> 1.0", [hex: :castore, repo: "hexpm", optional: true]}], "hexpm", "5bc19fff950fad52bbe5f211b12db9ec82c6b34a9647da0c2224b8b8464c7e6c"},
  "erlex": {:hex, :erlex, "0.2.6", "c7987d15e899c7a2f34f5420d2a2ea0d659682c06ac607572df55a43753aa12e", [:mix], [], "hexpm", "2ed2e25711feb44d52b17d2780eabf998452f6efda104877a3881c2f8c0c0c75"},
  "esaml": {:git, "https://github.com/firezone/esaml.git", "4294a3ac5262582144e117c10a1537287b6c1fe8", []},
  "esbuild": {:hex, :esbuild, "0.7.1", "fa0947e8c3c3c2f86c9bf7e791a0a385007ccd42b86885e8e893bdb6631f5169", [:mix], [{:castore, ">= 0.0.0", [hex: :castore, repo: "hexpm", optional: false]}], "hexpm", "66661cdf70b1378ee4dc16573fcee67750b59761b2605a0207c267ab9d19f13c"},
  "ex_cldr": {:hex, :ex_cldr, "2.37.2", "c45041534ec60af367c4c1af02a608576118044fe3c441c782fd424061d6b517", [:mix], [{:cldr_utils, "~> 2.21", [hex: :cldr_utils, repo: "hexpm", optional: false]}, {:decimal, "~> 1.6 or ~> 2.0", [hex: :decimal, repo: "hexpm", optional: false]}, {:gettext, "~> 0.19", [hex: :gettext, repo: "hexpm", optional: true]}, {:jason, "~> 1.0", [hex: :jason, repo: "hexpm", optional: true]}, {:nimble_parsec, "~> 0.5 or ~> 1.0", [hex: :nimble_parsec, repo: "hexpm", optional: true]}], "hexpm", "c8467b1d5080716ace6621703b6656cb2f9545572a54b341da900791a0cf92ba"},
  "ex_cldr_calendars": {:hex, :ex_cldr_calendars, "1.22.1", "3e5150f1fe7698e0fa118aeedcca1b5920d0a552bc40c81cf65ca9b0a4ea4cc3", [:mix], [{:calendar_interval, "~> 0.2", [hex: :calendar_interval, repo: "hexpm", optional: true]}, {:ex_cldr_lists, "~> 2.10", [hex: :ex_cldr_lists, repo: "hexpm", optional: true]}, {:ex_cldr_numbers, "~> 2.31", [hex: :ex_cldr_numbers, repo: "hexpm", optional: false]}, {:ex_cldr_units, "~> 3.16", [hex: :ex_cldr_units, repo: "hexpm", optional: true]}, {:ex_doc, "~> 0.21", [hex: :ex_doc, repo: "hexpm", optional: true]}, {:jason, "~> 1.0", [hex: :jason, repo: "hexpm", optional: false]}], "hexpm", "e7408cd9e8318b2ef93b76728e84484ddc3ea6d7c894fbc811c54122a7140169"},
  "ex_cldr_currencies": {:hex, :ex_cldr_currencies, "2.15.0", "aadd34e91cfac7ef6b03fe8f47f8c6fa8c5daf3f89b5d9fee64ec545ded839cf", [:mix], [{:ex_cldr, "~> 2.34", [hex: :ex_cldr, repo: "hexpm", optional: false]}, {:jason, "~> 1.0", [hex: :jason, repo: "hexpm", optional: true]}], "hexpm", "0521316396c66877a2d636219767560bb2397c583341fcb154ecf9f3000e6ff8"},
  "ex_cldr_dates_times": {:hex, :ex_cldr_dates_times, "2.13.3", "bd01c75f017b3a024d0d4c189f2ee0573c15023e98ae16759228a7b57f9414bc", [:mix], [{:calendar_interval, "~> 0.2", [hex: :calendar_interval, repo: "hexpm", optional: true]}, {:ex_cldr, "~> 2.36", [hex: :ex_cldr, repo: "hexpm", optional: false]}, {:ex_cldr_calendars, "~> 1.18", [hex: :ex_cldr_calendars, repo: "hexpm", optional: false]}, {:ex_cldr_numbers, "~> 2.28", [hex: :ex_cldr_numbers, repo: "hexpm", optional: false]}, {:jason, "~> 1.0", [hex: :jason, repo: "hexpm", optional: true]}], "hexpm", "f5b2216189bd9118bb2e5c1abd48f95f48b2eac954fe0e53370806d23b1641ac"},
  "ex_cldr_numbers": {:hex, :ex_cldr_numbers, "2.31.2", "e27a457d594aefd1981094178f95c2efbd0f69c4a0c649c5f4cf5c97e264f310", [:mix], [{:decimal, "~> 1.6 or ~> 2.0", [hex: :decimal, repo: "hexpm", optional: false]}, {:digital_token, "~> 0.3 or ~> 1.0", [hex: :digital_token, repo: "hexpm", optional: false]}, {:ex_cldr, "~> 2.37", [hex: :ex_cldr, repo: "hexpm", optional: false]}, {:ex_cldr_currencies, ">= 2.14.2", [hex: :ex_cldr_currencies, repo: "hexpm", optional: false]}, {:jason, "~> 1.0", [hex: :jason, repo: "hexpm", optional: true]}], "hexpm", "828c0f39df6cc64bb7c586d7d302321322bc65c5d1d5d6115f632c3711d218b7"},
  "ex_doc": {:hex, :ex_doc, "0.29.1", "b1c652fa5f92ee9cf15c75271168027f92039b3877094290a75abcaac82a9f77", [:mix], [{:earmark_parser, "~> 1.4.19", [hex: :earmark_parser, repo: "hexpm", optional: false]}, {:makeup_elixir, "~> 0.14", [hex: :makeup_elixir, repo: "hexpm", optional: false]}, {:makeup_erlang, "~> 0.1", [hex: :makeup_erlang, repo: "hexpm", optional: false]}], "hexpm", "b7745fa6374a36daf484e2a2012274950e084815b936b1319aeebcf7809574f6"},
  "expo": {:hex, :expo, "0.4.1", "1c61d18a5df197dfda38861673d392e642649a9cef7694d2f97a587b2cfb319b", [:mix], [], "hexpm", "2ff7ba7a798c8c543c12550fa0e2cbc81b95d4974c65855d8d15ba7b37a1ce47"},
  "file_size": {:hex, :file_size, "3.0.1", "ad447a69442a82fc701765a73992d7b1110136fa0d4a9d3190ea685d60034dcd", [:mix], [{:decimal, ">= 1.0.0 and < 3.0.0", [hex: :decimal, repo: "hexpm", optional: true]}, {:number, "~> 1.0", [hex: :number, repo: "hexpm", optional: false]}], "hexpm", "64dd665bc37920480c249785788265f5d42e98830d757c6a477b3246703b8e20"},
  "file_system": {:hex, :file_system, "0.2.10", "fb082005a9cd1711c05b5248710f8826b02d7d1784e7c3451f9c1231d4fc162d", [:mix], [], "hexpm", "41195edbfb562a593726eda3b3e8b103a309b733ad25f3d642ba49696bf715dc"},
  "finch": {:hex, :finch, "0.16.0", "40733f02c89f94a112518071c0a91fe86069560f5dbdb39f9150042f44dcfb1a", [:mix], [{:castore, "~> 0.1 or ~> 1.0", [hex: :castore, repo: "hexpm", optional: false]}, {:mime, "~> 1.0 or ~> 2.0", [hex: :mime, repo: "hexpm", optional: false]}, {:mint, "~> 1.3", [hex: :mint, repo: "hexpm", optional: false]}, {:nimble_options, "~> 0.4 or ~> 1.0", [hex: :nimble_options, repo: "hexpm", optional: false]}, {:nimble_pool, "~> 0.2.6 or ~> 1.0", [hex: :nimble_pool, repo: "hexpm", optional: false]}, {:telemetry, "~> 0.4 or ~> 1.0", [hex: :telemetry, repo: "hexpm", optional: false]}], "hexpm", "f660174c4d519e5fec629016054d60edd822cdfe2b7270836739ac2f97735ec5"},
  "floki": {:hex, :floki, "0.34.3", "5e2dcaec5d7c228ce5b1d3501502e308b2d79eb655e4191751a1fe491c37feac", [:mix], [], "hexpm", "9577440eea5b97924b4bf3c7ea55f7b8b6dce589f9b28b096cc294a8dc342341"},
  "gen_smtp": {:hex, :gen_smtp, "1.2.0", "9cfc75c72a8821588b9b9fe947ae5ab2aed95a052b81237e0928633a13276fd3", [:rebar3], [{:ranch, ">= 1.8.0", [hex: :ranch, repo: "hexpm", optional: false]}], "hexpm", "5ee0375680bca8f20c4d85f58c2894441443a743355430ff33a783fe03296779"},
  "gettext": {:hex, :gettext, "0.22.2", "6bfca374de34ecc913a28ba391ca184d88d77810a3e427afa8454a71a51341ac", [:mix], [{:expo, "~> 0.4.0", [hex: :expo, repo: "hexpm", optional: false]}], "hexpm", "8a2d389673aea82d7eae387e6a2ccc12660610080ae7beb19452cfdc1ec30f60"},
  "gproc": {:hex, :gproc, "0.8.0", "cea02c578589c61e5341fce149ea36ccef236cc2ecac8691fba408e7ea77ec2f", [:rebar3], [], "hexpm", "580adafa56463b75263ef5a5df4c86af321f68694e7786cb057fd805d1e2a7de"},
  "grpcbox": {:hex, :grpcbox, "0.16.0", "b83f37c62d6eeca347b77f9b1ec7e9f62231690cdfeb3a31be07cd4002ba9c82", [:rebar3], [{:acceptor_pool, "~> 1.0.0", [hex: :acceptor_pool, repo: "hexpm", optional: false]}, {:chatterbox, "~> 0.13.0", [hex: :ts_chatterbox, repo: "hexpm", optional: false]}, {:ctx, "~> 0.6.0", [hex: :ctx, repo: "hexpm", optional: false]}, {:gproc, "~> 0.8.0", [hex: :gproc, repo: "hexpm", optional: false]}], "hexpm", "294df743ae20a7e030889f00644001370a4f7ce0121f3bbdaf13cf3169c62913"},
  "guardian": {:hex, :guardian, "2.3.1", "2b2d78dc399a7df182d739ddc0e566d88723299bfac20be36255e2d052fd215d", [:mix], [{:jose, "~> 1.8", [hex: :jose, repo: "hexpm", optional: false]}, {:plug, "~> 1.3.3 or ~> 1.4", [hex: :plug, repo: "hexpm", optional: true]}], "hexpm", "bbe241f9ca1b09fad916ad42d6049d2600bbc688aba5b3c4a6c82592a54274c3"},
  "guardian_db": {:hex, :guardian_db, "2.1.0", "ec95a9d99cdd1e550555d09a7bb4a340d8887aad0697f594590c2fd74be02426", [:mix], [{:ecto, "~> 3.0", [hex: :ecto, repo: "hexpm", optional: false]}, {:ecto_sql, "~> 3.1", [hex: :ecto_sql, repo: "hexpm", optional: false]}, {:guardian, "~> 1.0 or ~> 2.0", [hex: :guardian, repo: "hexpm", optional: false]}, {:postgrex, "~> 0.13", [hex: :postgrex, repo: "hexpm", optional: true]}], "hexpm", "f8e7d543ac92c395f3a7fd5acbe6829faeade57d688f7562e2f0fca8f94a0d70"},
  "hackney": {:hex, :hackney, "1.18.1", "f48bf88f521f2a229fc7bae88cf4f85adc9cd9bcf23b5dc8eb6a1788c662c4f6", [:rebar3], [{:certifi, "~> 2.9.0", [hex: :certifi, repo: "hexpm", optional: false]}, {:idna, "~> 6.1.0", [hex: :idna, repo: "hexpm", optional: false]}, {:metrics, "~> 1.0.0", [hex: :metrics, repo: "hexpm", optional: false]}, {:mimerl, "~> 1.1", [hex: :mimerl, repo: "hexpm", optional: false]}, {:parse_trans, "3.3.1", [hex: :parse_trans, repo: "hexpm", optional: false]}, {:ssl_verify_fun, "~> 1.1.0", [hex: :ssl_verify_fun, repo: "hexpm", optional: false]}, {:unicode_util_compat, "~> 0.7.0", [hex: :unicode_util_compat, repo: "hexpm", optional: false]}], "hexpm", "a4ecdaff44297e9b5894ae499e9a070ea1888c84afdd1fd9b7b2bc384950128e"},
  "heroicons": {:hex, :heroicons, "0.5.2", "a7ae72460ecc4b74a4ba9e72f0b5ac3c6897ad08968258597da11c2b0b210683", [:mix], [{:castore, ">= 0.0.0", [hex: :castore, repo: "hexpm", optional: false]}, {:phoenix_live_view, "~> 0.18.2", [hex: :phoenix_live_view, repo: "hexpm", optional: false]}], "hexpm", "7ef96f455c1c136c335f1da0f1d7b12c34002c80a224ad96fc0ebf841a6ffef5"},
  "hpack": {:hex, :hpack_erl, "0.2.3", "17670f83ff984ae6cd74b1c456edde906d27ff013740ee4d9efaa4f1bf999633", [:rebar3], [], "hexpm", "06f580167c4b8b8a6429040df36cc93bba6d571faeaec1b28816523379cbb23a"},
  "hpax": {:hex, :hpax, "0.1.2", "09a75600d9d8bbd064cdd741f21fc06fc1f4cf3d0fcc335e5aa19be1a7235c84", [:mix], [], "hexpm", "2c87843d5a23f5f16748ebe77969880e29809580efdaccd615cd3bed628a8c13"},
  "httpoison": {:hex, :httpoison, "2.1.0", "655fd9a7b0b95ee3e9a3b535cf7ac8e08ef5229bab187fa86ac4208b122d934b", [:mix], [{:hackney, "~> 1.17", [hex: :hackney, repo: "hexpm", optional: false]}], "hexpm", "fc455cb4306b43827def4f57299b2d5ac8ac331cb23f517e734a4b78210a160c"},
  "idna": {:hex, :idna, "6.1.1", "8a63070e9f7d0c62eb9d9fcb360a7de382448200fbbd1b106cc96d3d8099df8d", [:rebar3], [{:unicode_util_compat, "~> 0.7.0", [hex: :unicode_util_compat, repo: "hexpm", optional: false]}], "hexpm", "92376eb7894412ed19ac475e4a86f7b413c1b9fbb5bd16dccd57934157944cea"},
  "inflex": {:hex, :inflex, "2.1.0", "a365cf0821a9dacb65067abd95008ca1b0bb7dcdd85ae59965deef2aa062924c", [:mix], [], "hexpm", "14c17d05db4ee9b6d319b0bff1bdf22aa389a25398d1952c7a0b5f3d93162dd8"},
  "jason": {:hex, :jason, "1.4.0", "e855647bc964a44e2f67df589ccf49105ae039d4179db7f6271dfd3843dc27e6", [:mix], [{:decimal, "~> 1.0 or ~> 2.0", [hex: :decimal, repo: "hexpm", optional: true]}], "hexpm", "79a3791085b2a0f743ca04cec0f7be26443738779d09302e01318f97bdb82121"},
  "jose": {:hex, :jose, "1.11.5", "3bc2d75ffa5e2c941ca93e5696b54978323191988eb8d225c2e663ddfefd515e", [:mix, :rebar3], [], "hexpm", "dcd3b215bafe02ea7c5b23dafd3eb8062a5cd8f2d904fd9caa323d37034ab384"},
  "junit_formatter": {:hex, :junit_formatter, "3.3.1", "c729befb848f1b9571f317d2fefa648e9d4869befc4b2980daca7c1edc468e40", [:mix], [], "hexpm", "761fc5be4b4c15d8ba91a6dafde0b2c2ae6db9da7b8832a55b5a1deb524da72b"},
  "libcluster": {:hex, :libcluster, "3.3.3", "a4f17721a19004cfc4467268e17cff8b1f951befe428975dd4f6f7b84d927fe0", [:mix], [{:jason, "~> 1.1", [hex: :jason, repo: "hexpm", optional: false]}], "hexpm", "7c0a2275a0bb83c07acd17dab3c3bfb4897b145106750eeccc62d302e3bdfee5"},
  "logger_json": {:hex, :logger_json, "5.1.2", "7dde5f6dff814aba033f045a3af9408f5459bac72357dc533276b47045371ecf", [:mix], [{:ecto, "~> 2.1 or ~> 3.0", [hex: :ecto, repo: "hexpm", optional: true]}, {:jason, "~> 1.0", [hex: :jason, repo: "hexpm", optional: false]}, {:phoenix, ">= 1.5.0", [hex: :phoenix, repo: "hexpm", optional: true]}, {:plug, "~> 1.0", [hex: :plug, repo: "hexpm", optional: true]}, {:telemetry, "~> 0.4.0 or ~> 1.0", [hex: :telemetry, repo: "hexpm", optional: true]}], "hexpm", "ed42047e5c57a60d0fa1450aef36bc016d0f9a5e6c0807ebb0c03d8895fb6ebc"},
  "makeup": {:hex, :makeup, "1.1.0", "6b67c8bc2882a6b6a445859952a602afc1a41c2e08379ca057c0f525366fc3ca", [:mix], [{:nimble_parsec, "~> 1.2.2 or ~> 1.3", [hex: :nimble_parsec, repo: "hexpm", optional: false]}], "hexpm", "0a45ed501f4a8897f580eabf99a2e5234ea3e75a4373c8a52824f6e873be57a6"},
  "makeup_elixir": {:hex, :makeup_elixir, "0.16.0", "f8c570a0d33f8039513fbccaf7108c5d750f47d8defd44088371191b76492b0b", [:mix], [{:makeup, "~> 1.0", [hex: :makeup, repo: "hexpm", optional: false]}, {:nimble_parsec, "~> 1.2.3", [hex: :nimble_parsec, repo: "hexpm", optional: false]}], "hexpm", "28b2cbdc13960a46ae9a8858c4bebdec3c9a6d7b4b9e7f4ed1502f8159f338e7"},
  "makeup_erlang": {:hex, :makeup_erlang, "0.1.1", "3fcb7f09eb9d98dc4d208f49cc955a34218fc41ff6b84df7c75b3e6e533cc65f", [:mix], [{:makeup, "~> 1.0", [hex: :makeup, repo: "hexpm", optional: false]}], "hexpm", "174d0809e98a4ef0b3309256cbf97101c6ec01c4ab0b23e926a9e17df2077cbb"},
  "metrics": {:hex, :metrics, "1.0.1", "25f094dea2cda98213cecc3aeff09e940299d950904393b2a29d191c346a8486", [:rebar3], [], "hexpm", "69b09adddc4f74a40716ae54d140f93beb0fb8978d8636eaded0c31b6f099f16"},
  "mime": {:hex, :mime, "2.0.5", "dc34c8efd439abe6ae0343edbb8556f4d63f178594894720607772a041b04b02", [:mix], [], "hexpm", "da0d64a365c45bc9935cc5c8a7fc5e49a0e0f9932a761c55d6c52b142780a05c"},
  "mimerl": {:hex, :mimerl, "1.2.0", "67e2d3f571088d5cfd3e550c383094b47159f3eee8ffa08e64106cdf5e981be3", [:rebar3], [], "hexpm", "f278585650aa581986264638ebf698f8bb19df297f66ad91b18910dfc6e19323"},
  "mint": {:hex, :mint, "1.5.1", "8db5239e56738552d85af398798c80648db0e90f343c8469f6c6d8898944fb6f", [:mix], [{:castore, "~> 0.1.0 or ~> 1.0", [hex: :castore, repo: "hexpm", optional: true]}, {:hpax, "~> 0.1.1", [hex: :hpax, repo: "hexpm", optional: false]}], "hexpm", "4a63e1e76a7c3956abd2c72f370a0d0aecddc3976dea5c27eccbecfa5e7d5b1e"},
  "mix_audit": {:hex, :mix_audit, "2.1.0", "3c0dafb29114dffcdb508164a3d35311a9ac2c5baeba6495c9cd5315c25902b9", [:make, :mix], [{:jason, "~> 1.1", [hex: :jason, repo: "hexpm", optional: false]}, {:yaml_elixir, "~> 2.9", [hex: :yaml_elixir, repo: "hexpm", optional: false]}], "hexpm", "14c57a23e0a5f652c1e7f6e8dab93f166f66d63bd0c85f97278f5972b14e2be0"},
  "nimble_options": {:hex, :nimble_options, "1.0.2", "92098a74df0072ff37d0c12ace58574d26880e522c22801437151a159392270e", [:mix], [], "hexpm", "fd12a8db2021036ce12a309f26f564ec367373265b53e25403f0ee697380f1b8"},
  "nimble_parsec": {:hex, :nimble_parsec, "1.2.3", "244836e6e3f1200c7f30cb56733fd808744eca61fd182f731eac4af635cc6d0b", [:mix], [], "hexpm", "c8d789e39b9131acf7b99291e93dae60ab48ef14a7ee9d58c6964f59efb570b0"},
  "nimble_pool": {:hex, :nimble_pool, "1.0.0", "5eb82705d138f4dd4423f69ceb19ac667b3b492ae570c9f5c900bb3d2f50a847", [:mix], [], "hexpm", "80be3b882d2d351882256087078e1b1952a28bf98d0a287be87e4a24a710b67a"},
  "number": {:hex, :number, "1.0.4", "3e6e6032a3c1d4c3760e77a42c580a57a15545dd993af380809da30fe51a032c", [:mix], [{:decimal, "~> 1.5 or ~> 2.0", [hex: :decimal, repo: "hexpm", optional: false]}], "hexpm", "16f7516584ef2be812af4f33f2eaf3f9b9f6ed8892f45853eb93113f83721e42"},
  "observer_cli": {:hex, :observer_cli, "1.7.4", "3c1bfb6d91bf68f6a3d15f46ae20da0f7740d363ee5bc041191ce8722a6c4fae", [:mix, :rebar3], [{:recon, "~> 2.5.1", [hex: :recon, repo: "hexpm", optional: false]}], "hexpm", "50de6d95d814f447458bd5d72666a74624eddb0ef98bdcee61a0153aae0865ff"},
  "openid_connect": {:git, "https://github.com/firezone/openid_connect.git", "13320ed8b0d347330d07e1375a9661f3089b9c03", [branch: "master"]},
  "opentelemetry": {:hex, :opentelemetry, "1.3.0", "988ac3c26acac9720a1d4fb8d9dc52e95b45ecfec2d5b5583276a09e8936bc5e", [:rebar3], [{:opentelemetry_api, "~> 1.2.0", [hex: :opentelemetry_api, repo: "hexpm", optional: false]}, {:opentelemetry_semantic_conventions, "~> 0.2", [hex: :opentelemetry_semantic_conventions, repo: "hexpm", optional: false]}], "hexpm", "8e09edc26aad11161509d7ecad854a3285d88580f93b63b0b1cf0bac332bfcc0"},
  "opentelemetry_api": {:hex, :opentelemetry_api, "1.2.1", "7b69ed4f40025c005de0b74fce8c0549625d59cb4df12d15c32fe6dc5076ff42", [:mix, :rebar3], [{:opentelemetry_semantic_conventions, "~> 0.2", [hex: :opentelemetry_semantic_conventions, repo: "hexpm", optional: false]}], "hexpm", "6d7a27b7cad2ad69a09cabf6670514cafcec717c8441beb5c96322bac3d05350"},
  "opentelemetry_cowboy": {:hex, :opentelemetry_cowboy, "0.2.1", "feb09d4abe48c6d983fd46ea7b500cdf31b0f77c80702e175fe1fd86f8a52445", [:rebar3], [{:cowboy_telemetry, "~> 0.4", [hex: :cowboy_telemetry, repo: "hexpm", optional: false]}, {:opentelemetry_api, "~> 1.0", [hex: :opentelemetry_api, repo: "hexpm", optional: false]}, {:opentelemetry_telemetry, "~> 1.0", [hex: :opentelemetry_telemetry, repo: "hexpm", optional: false]}, {:telemetry, "~> 1.0", [hex: :telemetry, repo: "hexpm", optional: false]}], "hexpm", "21ba198dd51294211a498dee720a30d2c2cb4d35ddc843d84f2d4e0a9681be49"},
  "opentelemetry_ecto": {:hex, :opentelemetry_ecto, "1.1.1", "218b791d2883becaf28d3fe25627b48f862ad63d4982dd0d10d307861eafa847", [:mix], [{:opentelemetry_api, "~> 1.0", [hex: :opentelemetry_api, repo: "hexpm", optional: false]}, {:opentelemetry_process_propagator, "~> 0.2", [hex: :opentelemetry_process_propagator, repo: "hexpm", optional: false]}, {:telemetry, "~> 0.4 or ~> 1.0", [hex: :telemetry, repo: "hexpm", optional: false]}], "hexpm", "e5f4c76aa9385cefa099a88e19eba90a7a19ef82deec43e0c03c987528bdd826"},
  "opentelemetry_exporter": {:hex, :opentelemetry_exporter, "1.6.0", "f4fbf69aa9f1541b253813221b82b48a9863bc1570d8ecc517bc510c0d1d3d8c", [:rebar3], [{:grpcbox, ">= 0.0.0", [hex: :grpcbox, repo: "hexpm", optional: false]}, {:opentelemetry, "~> 1.3", [hex: :opentelemetry, repo: "hexpm", optional: false]}, {:opentelemetry_api, "~> 1.2", [hex: :opentelemetry_api, repo: "hexpm", optional: false]}, {:tls_certificate_check, "~> 1.18", [hex: :tls_certificate_check, repo: "hexpm", optional: false]}], "hexpm", "1802d1dca297e46f21e5832ecf843c451121e875f73f04db87355a6cb2ba1710"},
  "opentelemetry_finch": {:hex, :opentelemetry_finch, "0.2.0", "55ddfb96082dda59a64214f2d4640d2fb1323ca45bbb4b40d32599a0e8087a05", [:mix], [{:opentelemetry_api, "~> 1.0", [hex: :opentelemetry_api, repo: "hexpm", optional: false]}, {:telemetry, "~> 0.4 or ~> 1.0", [hex: :telemetry, repo: "hexpm", optional: false]}], "hexpm", "7364f70822ec282853cade12953f40d7b94e03967608a52fd406e3b080f18d5e"},
  "opentelemetry_liveview": {:hex, :opentelemetry_liveview, "1.0.0-rc.4", "52915a83809100f31f7b6ea42e00b964a66032b75cc56e5b4cbcf7e21d4a45da", [:mix], [{:opentelemetry_api, "~> 1.0", [hex: :opentelemetry_api, repo: "hexpm", optional: false]}, {:opentelemetry_telemetry, "~> 1.0.0-beta.7", [hex: :opentelemetry_telemetry, repo: "hexpm", optional: false]}, {:telemetry, "~> 0.4 or ~> 1.0", [hex: :telemetry, repo: "hexpm", optional: false]}], "hexpm", "e06ab69da7ee46158342cac42f1c22886bdeab53e8d8c4e237c3b3c2cf7b815d"},
  "opentelemetry_phoenix": {:hex, :opentelemetry_phoenix, "1.1.1", "b6ab632d39138c2cc9b6e52b65d560545904f659c42647856d669e593110521f", [:mix], [{:nimble_options, "~> 0.5 or ~> 1.0", [hex: :nimble_options, repo: "hexpm", optional: false]}, {:opentelemetry_api, "~> 1.0", [hex: :opentelemetry_api, repo: "hexpm", optional: false]}, {:opentelemetry_process_propagator, "~> 0.2", [hex: :opentelemetry_process_propagator, repo: "hexpm", optional: false]}, {:opentelemetry_semantic_conventions, "~> 0.2", [hex: :opentelemetry_semantic_conventions, repo: "hexpm", optional: false]}, {:opentelemetry_telemetry, "~> 1.0", [hex: :opentelemetry_telemetry, repo: "hexpm", optional: false]}, {:plug, ">= 1.11.0", [hex: :plug, repo: "hexpm", optional: false]}, {:telemetry, "~> 0.4 or ~> 1.0", [hex: :telemetry, repo: "hexpm", optional: false]}], "hexpm", "942850ce28fe21f98d98a743b94163820ce5ba6488333a806dbd1e8161a653d8"},
  "opentelemetry_process_propagator": {:hex, :opentelemetry_process_propagator, "0.2.2", "85244a49f0c32ae1e2f3d58c477c265bd6125ee3480ade82b0fa9324b85ed3f0", [:mix, :rebar3], [{:opentelemetry_api, "~> 1.0", [hex: :opentelemetry_api, repo: "hexpm", optional: false]}], "hexpm", "04db13302a34bea8350a13ed9d49c22dfd32c4bc590d8aa88b6b4b7e4f346c61"},
  "opentelemetry_semantic_conventions": {:hex, :opentelemetry_semantic_conventions, "0.2.0", "b67fe459c2938fcab341cb0951c44860c62347c005ace1b50f8402576f241435", [:mix, :rebar3], [], "hexpm", "d61fa1f5639ee8668d74b527e6806e0503efc55a42db7b5f39939d84c07d6895"},
  "opentelemetry_telemetry": {:hex, :opentelemetry_telemetry, "1.0.0", "d5982a319e725fcd2305b306b65c18a86afdcf7d96821473cf0649ff88877615", [:mix, :rebar3], [{:opentelemetry_api, "~> 1.0", [hex: :opentelemetry_api, repo: "hexpm", optional: false]}, {:telemetry, "~> 1.0", [hex: :telemetry, repo: "hexpm", optional: false]}, {:telemetry_registry, "~> 0.3.0", [hex: :telemetry_registry, repo: "hexpm", optional: false]}], "hexpm", "3401d13a1d4b7aa941a77e6b3ec074f0ae77f83b5b2206766ce630123a9291a9"},
  "parse_trans": {:hex, :parse_trans, "3.3.1", "16328ab840cc09919bd10dab29e431da3af9e9e7e7e6f0089dd5a2d2820011d8", [:rebar3], [], "hexpm", "07cd9577885f56362d414e8c4c4e6bdf10d43a8767abb92d24cbe8b24c54888b"},
  "phoenix": {:hex, :phoenix, "1.7.6", "61f0625af7c1d1923d582470446de29b008c0e07ae33d7a3859ede247ddaf59a", [:mix], [{:castore, ">= 0.0.0", [hex: :castore, repo: "hexpm", optional: false]}, {:jason, "~> 1.0", [hex: :jason, repo: "hexpm", optional: true]}, {:phoenix_pubsub, "~> 2.1", [hex: :phoenix_pubsub, repo: "hexpm", optional: false]}, {:phoenix_template, "~> 1.0", [hex: :phoenix_template, repo: "hexpm", optional: false]}, {:phoenix_view, "~> 2.0", [hex: :phoenix_view, repo: "hexpm", optional: true]}, {:plug, "~> 1.14", [hex: :plug, repo: "hexpm", optional: false]}, {:plug_cowboy, "~> 2.6", [hex: :plug_cowboy, repo: "hexpm", optional: true]}, {:plug_crypto, "~> 1.2", [hex: :plug_crypto, repo: "hexpm", optional: false]}, {:telemetry, "~> 0.4 or ~> 1.0", [hex: :telemetry, repo: "hexpm", optional: false]}, {:websock_adapter, "~> 0.5.3", [hex: :websock_adapter, repo: "hexpm", optional: false]}], "hexpm", "f6b4be7780402bb060cbc6e83f1b6d3f5673b674ba73cc4a7dd47db0322dfb88"},
  "phoenix_ecto": {:hex, :phoenix_ecto, "4.4.2", "b21bd01fdeffcfe2fab49e4942aa938b6d3e89e93a480d4aee58085560a0bc0d", [:mix], [{:ecto, "~> 3.5", [hex: :ecto, repo: "hexpm", optional: false]}, {:phoenix_html, "~> 2.14.2 or ~> 3.0", [hex: :phoenix_html, repo: "hexpm", optional: true]}, {:plug, "~> 1.9", [hex: :plug, repo: "hexpm", optional: false]}], "hexpm", "70242edd4601d50b69273b057ecf7b684644c19ee750989fd555625ae4ce8f5d"},
  "phoenix_html": {:hex, :phoenix_html, "3.3.1", "4788757e804a30baac6b3fc9695bf5562465dd3f1da8eb8460ad5b404d9a2178", [:mix], [{:plug, "~> 1.5", [hex: :plug, repo: "hexpm", optional: true]}], "hexpm", "bed1906edd4906a15fd7b412b85b05e521e1f67c9a85418c55999277e553d0d3"},
  "phoenix_live_dashboard": {:hex, :phoenix_live_dashboard, "0.7.2", "97cc4ff2dba1ebe504db72cb45098cb8e91f11160528b980bd282cc45c73b29c", [:mix], [{:ecto, "~> 3.6.2 or ~> 3.7", [hex: :ecto, repo: "hexpm", optional: true]}, {:ecto_mysql_extras, "~> 0.5", [hex: :ecto_mysql_extras, repo: "hexpm", optional: true]}, {:ecto_psql_extras, "~> 0.7", [hex: :ecto_psql_extras, repo: "hexpm", optional: true]}, {:mime, "~> 1.6 or ~> 2.0", [hex: :mime, repo: "hexpm", optional: false]}, {:phoenix_live_view, "~> 0.18.3", [hex: :phoenix_live_view, repo: "hexpm", optional: false]}, {:telemetry_metrics, "~> 0.6 or ~> 1.0", [hex: :telemetry_metrics, repo: "hexpm", optional: false]}], "hexpm", "0e5fdf063c7a3b620c566a30fcf68b7ee02e5e46fe48ee46a6ec3ba382dc05b7"},
  "phoenix_live_reload": {:hex, :phoenix_live_reload, "1.4.1", "2aff698f5e47369decde4357ba91fc9c37c6487a512b41732818f2204a8ef1d3", [:mix], [{:file_system, "~> 0.2.1 or ~> 0.3", [hex: :file_system, repo: "hexpm", optional: false]}, {:phoenix, "~> 1.4", [hex: :phoenix, repo: "hexpm", optional: false]}], "hexpm", "9bffb834e7ddf08467fe54ae58b5785507aaba6255568ae22b4d46e2bb3615ab"},
  "phoenix_live_view": {:hex, :phoenix_live_view, "0.19.3", "3918c1b34df8ac71a9a636806ba5b7f053349a0392b312e16f35b0bf4d070aab", [:mix], [{:jason, "~> 1.0", [hex: :jason, repo: "hexpm", optional: true]}, {:phoenix, "~> 1.6.15 or ~> 1.7.0", [hex: :phoenix, repo: "hexpm", optional: false]}, {:phoenix_html, "~> 3.3", [hex: :phoenix_html, repo: "hexpm", optional: false]}, {:phoenix_template, "~> 1.0", [hex: :phoenix_template, repo: "hexpm", optional: false]}, {:phoenix_view, "~> 2.0", [hex: :phoenix_view, repo: "hexpm", optional: true]}, {:telemetry, "~> 0.4.2 or ~> 1.0", [hex: :telemetry, repo: "hexpm", optional: false]}], "hexpm", "545626887948495fd8ea23d83b75bd7aaf9dc4221563e158d2c4b52ea1dd7e00"},
  "phoenix_pubsub": {:hex, :phoenix_pubsub, "2.1.3", "3168d78ba41835aecad272d5e8cd51aa87a7ac9eb836eabc42f6e57538e3731d", [:mix], [], "hexpm", "bba06bc1dcfd8cb086759f0edc94a8ba2bc8896d5331a1e2c2902bf8e36ee502"},
  "phoenix_swoosh": {:hex, :phoenix_swoosh, "1.2.0", "a544d83fde4a767efb78f45404a74c9e37b2a9c5ea3339692e65a6966731f935", [:mix], [{:finch, "~> 0.8", [hex: :finch, repo: "hexpm", optional: true]}, {:hackney, "~> 1.10", [hex: :hackney, repo: "hexpm", optional: true]}, {:phoenix, "~> 1.6", [hex: :phoenix, repo: "hexpm", optional: true]}, {:phoenix_html, "~> 3.0", [hex: :phoenix_html, repo: "hexpm", optional: true]}, {:phoenix_view, "~> 1.0 or ~> 2.0", [hex: :phoenix_view, repo: "hexpm", optional: false]}, {:swoosh, "~> 1.5", [hex: :swoosh, repo: "hexpm", optional: false]}], "hexpm", "e88d117251e89a16b92222415a6d87b99a96747ddf674fc5c7631de734811dba"},
  "phoenix_template": {:hex, :phoenix_template, "1.0.1", "85f79e3ad1b0180abb43f9725973e3b8c2c3354a87245f91431eec60553ed3ef", [:mix], [{:phoenix_html, "~> 2.14.2 or ~> 3.0", [hex: :phoenix_html, repo: "hexpm", optional: true]}], "hexpm", "157dc078f6226334c91cb32c1865bf3911686f8bcd6bcff86736f6253e6993ee"},
  "phoenix_view": {:hex, :phoenix_view, "2.0.2", "6bd4d2fd595ef80d33b439ede6a19326b78f0f1d8d62b9a318e3d9c1af351098", [:mix], [{:phoenix_html, "~> 2.14.2 or ~> 3.0", [hex: :phoenix_html, repo: "hexpm", optional: true]}, {:phoenix_template, "~> 1.0", [hex: :phoenix_template, repo: "hexpm", optional: false]}], "hexpm", "a929e7230ea5c7ee0e149ffcf44ce7cf7f4b6d2bfe1752dd7c084cdff152d36f"},
  "plug": {:hex, :plug, "1.14.2", "cff7d4ec45b4ae176a227acd94a7ab536d9b37b942c8e8fa6dfc0fff98ff4d80", [:mix], [{:mime, "~> 1.0 or ~> 2.0", [hex: :mime, repo: "hexpm", optional: false]}, {:plug_crypto, "~> 1.1.1 or ~> 1.2", [hex: :plug_crypto, repo: "hexpm", optional: false]}, {:telemetry, "~> 0.4.3 or ~> 1.0", [hex: :telemetry, repo: "hexpm", optional: false]}], "hexpm", "842fc50187e13cf4ac3b253d47d9474ed6c296a8732752835ce4a86acdf68d13"},
  "plug_cowboy": {:hex, :plug_cowboy, "2.6.1", "9a3bbfceeb65eff5f39dab529e5cd79137ac36e913c02067dba3963a26efe9b2", [:mix], [{:cowboy, "~> 2.7", [hex: :cowboy, repo: "hexpm", optional: false]}, {:cowboy_telemetry, "~> 0.3", [hex: :cowboy_telemetry, repo: "hexpm", optional: false]}, {:plug, "~> 1.14", [hex: :plug, repo: "hexpm", optional: false]}], "hexpm", "de36e1a21f451a18b790f37765db198075c25875c64834bcc82d90b309eb6613"},
  "plug_crypto": {:hex, :plug_crypto, "1.2.5", "918772575e48e81e455818229bf719d4ab4181fcbf7f85b68a35620f78d89ced", [:mix], [], "hexpm", "26549a1d6345e2172eb1c233866756ae44a9609bd33ee6f99147ab3fd87fd842"},
  "postgrex": {:hex, :postgrex, "0.17.1", "01c29fd1205940ee55f7addb8f1dc25618ca63a8817e56fac4f6846fc2cddcbe", [:mix], [{:db_connection, "~> 2.1", [hex: :db_connection, repo: "hexpm", optional: false]}, {:decimal, "~> 1.5 or ~> 2.0", [hex: :decimal, repo: "hexpm", optional: false]}, {:jason, "~> 1.0", [hex: :jason, repo: "hexpm", optional: true]}, {:table, "~> 0.1.0", [hex: :table, repo: "hexpm", optional: true]}], "hexpm", "14b057b488e73be2beee508fb1955d8db90d6485c6466428fe9ccf1d6692a555"},
  "posthog": {:hex, :posthog, "0.1.0", "0abe2af719c0c30fe6a24569a8947a19f0edfa63f6fed61685a219a8d5655786", [:mix], [{:hackney, "~> 1.10", [hex: :hackney, repo: "hexpm", optional: false]}, {:jason, "~> 1.2", [hex: :jason, repo: "hexpm", optional: true]}], "hexpm", "ee0426999bd35edf3dfa84141bbd3de17ae07e04d62d269fd5ee581925f1c222"},
  "ranch": {:hex, :ranch, "1.8.0", "8c7a100a139fd57f17327b6413e4167ac559fbc04ca7448e9be9057311597a1d", [:make, :rebar3], [], "hexpm", "49fbcfd3682fab1f5d109351b61257676da1a2fdbe295904176d5e521a2ddfe5"},
  "recon": {:hex, :recon, "2.5.3", "739107b9050ea683c30e96de050bc59248fd27ec147696f79a8797ff9fa17153", [:mix, :rebar3], [], "hexpm", "6c6683f46fd4a1dfd98404b9f78dcabc7fcd8826613a89dcb984727a8c3099d7"},
  "remote_ip": {:hex, :remote_ip, "1.1.0", "cb308841595d15df3f9073b7c39243a1dd6ca56e5020295cb012c76fbec50f2d", [:mix], [{:combine, "~> 0.10", [hex: :combine, repo: "hexpm", optional: false]}, {:plug, "~> 1.14", [hex: :plug, repo: "hexpm", optional: false]}], "hexpm", "616ffdf66aaad6a72fc546dabf42eed87e2a99e97b09cbd92b10cc180d02ed74"},
  "rustler_precompiled": {:hex, :rustler_precompiled, "0.5.5", "a075a92c8e748ce5c4f7b2cf573a072d206a6d8d99c53f627e81d3f2b10616a3", [:mix], [{:castore, "~> 0.1", [hex: :castore, repo: "hexpm", optional: false]}, {:rustler, "~> 0.23", [hex: :rustler, repo: "hexpm", optional: true]}], "hexpm", "e8a7f1abfec8d68683bb25d14efc88496f091ef113f7f4c45d39f3606f7223f6"},
  "samly": {:git, "https://github.com/firezone/samly.git", "4603438ed4a95ed74d6c0232676c24d097e2feec", []},
  "sobelow": {:hex, :sobelow, "0.12.2", "45f4d500e09f95fdb5a7b94c2838d6b26625828751d9f1127174055a78542cf5", [:mix], [{:jason, "~> 1.0", [hex: :jason, repo: "hexpm", optional: false]}], "hexpm", "2f0b617dce551db651145662b84c8da4f158e7abe049a76daaaae2282df01c5d"},
  "ssl_verify_fun": {:hex, :ssl_verify_fun, "1.1.7", "354c321cf377240c7b8716899e182ce4890c5938111a1296add3ec74cf1715df", [:make, :mix, :rebar3], [], "hexpm", "fe4c190e8f37401d30167c8c405eda19469f34577987c76dde613e838bbc67f8"},
  "sweet_xml": {:hex, :sweet_xml, "0.7.3", "debb256781c75ff6a8c5cbf7981146312b66f044a2898f453709a53e5031b45b", [:mix], [], "hexpm", "e110c867a1b3fe74bfc7dd9893aa851f0eed5518d0d7cad76d7baafd30e4f5ba"},
  "swoosh": {:hex, :swoosh, "1.11.2", "39dd1e44f75bc03a34366d5f830599d248de2b9caaf05704dc76c0507a58c6a1", [:mix], [{:cowboy, "~> 1.1 or ~> 2.4", [hex: :cowboy, repo: "hexpm", optional: true]}, {:ex_aws, "~> 2.1", [hex: :ex_aws, repo: "hexpm", optional: true]}, {:finch, "~> 0.6", [hex: :finch, repo: "hexpm", optional: true]}, {:gen_smtp, "~> 0.13 or ~> 1.0", [hex: :gen_smtp, repo: "hexpm", optional: true]}, {:hackney, "~> 1.9", [hex: :hackney, repo: "hexpm", optional: true]}, {:jason, "~> 1.0", [hex: :jason, repo: "hexpm", optional: false]}, {:mail, "~> 0.2", [hex: :mail, repo: "hexpm", optional: true]}, {:mime, "~> 1.1 or ~> 2.0", [hex: :mime, repo: "hexpm", optional: false]}, {:plug_cowboy, ">= 1.0.0", [hex: :plug_cowboy, repo: "hexpm", optional: true]}, {:telemetry, "~> 0.4.2 or ~> 1.0", [hex: :telemetry, repo: "hexpm", optional: false]}], "hexpm", "4c43f4591503e7d5bf028314af8ac7c06d1c4d340aa23faeefabfa2543fa726e"},
  "tailwind": {:hex, :tailwind, "0.2.1", "83d8eadbe71a8e8f67861fe7f8d51658ecfb258387123afe4d9dc194eddc36b0", [:mix], [{:castore, ">= 0.0.0", [hex: :castore, repo: "hexpm", optional: false]}], "hexpm", "e8a13f6107c95f73e58ed1b4221744e1eb5a093cd1da244432067e19c8c9a277"},
  "telemetry": {:hex, :telemetry, "1.2.1", "68fdfe8d8f05a8428483a97d7aab2f268aaff24b49e0f599faa091f1d4e7f61c", [:rebar3], [], "hexpm", "dad9ce9d8effc621708f99eac538ef1cbe05d6a874dd741de2e689c47feafed5"},
  "telemetry_metrics": {:hex, :telemetry_metrics, "0.6.1", "315d9163a1d4660aedc3fee73f33f1d355dcc76c5c3ab3d59e76e3edf80eef1f", [:mix], [{:telemetry, "~> 0.4 or ~> 1.0", [hex: :telemetry, repo: "hexpm", optional: false]}], "hexpm", "7be9e0871c41732c233be71e4be11b96e56177bf15dde64a8ac9ce72ac9834c6"},
  "telemetry_poller": {:hex, :telemetry_poller, "1.0.0", "db91bb424e07f2bb6e73926fcafbfcbcb295f0193e0a00e825e589a0a47e8453", [:rebar3], [{:telemetry, "~> 1.0", [hex: :telemetry, repo: "hexpm", optional: false]}], "hexpm", "b3a24eafd66c3f42da30fc3ca7dda1e9d546c12250a2d60d7b81d264fbec4f6e"},
  "telemetry_registry": {:hex, :telemetry_registry, "0.3.1", "14a3319a7d9027bdbff7ebcacf1a438f5f5c903057b93aee484cca26f05bdcba", [:mix, :rebar3], [{:telemetry, "~> 1.0", [hex: :telemetry, repo: "hexpm", optional: false]}], "hexpm", "6d0ca77b691cf854ed074b459a93b87f4c7f5512f8f7743c635ca83da81f939e"},
  "tesla": {:hex, :tesla, "1.7.0", "a62dda2f80d4f8a925eb7b8c5b78c461e0eb996672719fe1a63b26321a5f8b4e", [:mix], [{:castore, "~> 0.1 or ~> 1.0", [hex: :castore, repo: "hexpm", optional: true]}, {:exjsx, ">= 3.0.0", [hex: :exjsx, repo: "hexpm", optional: true]}, {:finch, "~> 0.13", [hex: :finch, repo: "hexpm", optional: true]}, {:fuse, "~> 2.4", [hex: :fuse, repo: "hexpm", optional: true]}, {:gun, "~> 1.3", [hex: :gun, repo: "hexpm", optional: true]}, {:hackney, "~> 1.6", [hex: :hackney, repo: "hexpm", optional: true]}, {:ibrowse, "4.4.0", [hex: :ibrowse, repo: "hexpm", optional: true]}, {:jason, ">= 1.0.0", [hex: :jason, repo: "hexpm", optional: true]}, {:mime, "~> 1.0 or ~> 2.0", [hex: :mime, repo: "hexpm", optional: false]}, {:mint, "~> 1.0", [hex: :mint, repo: "hexpm", optional: true]}, {:msgpax, "~> 2.3", [hex: :msgpax, repo: "hexpm", optional: true]}, {:poison, ">= 1.0.0", [hex: :poison, repo: "hexpm", optional: true]}, {:telemetry, "~> 0.4 or ~> 1.0", [hex: :telemetry, repo: "hexpm", optional: true]}], "hexpm", "2e64f01ebfdb026209b47bc651a0e65203fcff4ae79c11efb73c4852b00dc313"},
  "tls_certificate_check": {:hex, :tls_certificate_check, "1.19.0", "c76c4c5d79ee79a2b11c84f910c825d6f024a78427c854f515748e9bd025e987", [:rebar3], [{:ssl_verify_fun, "~> 1.1", [hex: :ssl_verify_fun, repo: "hexpm", optional: false]}], "hexpm", "4083b4a298add534c96125337cb01161c358bb32dd870d5a893aae685fd91d70"},
  "ueberauth": {:hex, :ueberauth, "0.10.3", "4a3bd7ab7b5d93d301d264f0f6858392654ee92171f4437d067d1ae227c051d9", [:mix], [{:plug, "~> 1.5", [hex: :plug, repo: "hexpm", optional: false]}], "hexpm", "1394f36a6c64e97f2038cf95228e7e52b4cb75417962e30418fbe9902b30e6d3"},
  "ueberauth_identity": {:hex, :ueberauth_identity, "0.4.2", "1ef48b37428d225a2eb0cc453b0d446440d8f62c70dbbfef675ed923986136f2", [:mix], [{:plug, "~> 1.0", [hex: :plug, repo: "hexpm", optional: false]}, {:ueberauth, "~> 0.7", [hex: :ueberauth, repo: "hexpm", optional: false]}], "hexpm", "134354bc3da3ece4333f3611fbe283372134b19b2ed8a3d7f43554c6102c4bff"},
  "unicode_util_compat": {:hex, :unicode_util_compat, "0.7.0", "bc84380c9ab48177092f43ac89e4dfa2c6d62b40b8bd132b1059ecc7232f9a78", [:rebar3], [], "hexpm", "25eee6d67df61960cf6a794239566599b09e17e668d3700247bc498638152521"},
  "wallaby": {:hex, :wallaby, "0.30.3", "9213ebf6e22e34544ede60e435bdbf807b67119ba4548f7b9bdbbd53a359767f", [:mix], [{:ecto_sql, ">= 3.0.0", [hex: :ecto_sql, repo: "hexpm", optional: true]}, {:httpoison, "~> 0.12 or ~> 1.0 or ~> 2.0", [hex: :httpoison, repo: "hexpm", optional: false]}, {:jason, "~> 1.1", [hex: :jason, repo: "hexpm", optional: false]}, {:phoenix_ecto, ">= 3.0.0", [hex: :phoenix_ecto, repo: "hexpm", optional: true]}, {:web_driver_client, "~> 0.2.0", [hex: :web_driver_client, repo: "hexpm", optional: false]}], "hexpm", "40844afbf3bf6933f21406bdba2c59042ea0983b7a2533a51f46d372d79bc400"},
  "web_driver_client": {:hex, :web_driver_client, "0.2.0", "63b76cd9eb3b0716ec5467a0f8bead73d3d9612e63f7560d21357f03ad86e31a", [:mix], [{:hackney, "~> 1.6", [hex: :hackney, repo: "hexpm", optional: false]}, {:jason, "~> 1.0", [hex: :jason, repo: "hexpm", optional: false]}, {:tesla, "~> 1.3", [hex: :tesla, repo: "hexpm", optional: false]}], "hexpm", "83cc6092bc3e74926d1c8455f0ce927d5d1d36707b74d9a65e38c084aab0350f"},
  "websock": {:hex, :websock, "0.5.2", "b3c08511d8d79ed2c2f589ff430bd1fe799bb389686dafce86d28801783d8351", [:mix], [], "hexpm", "925f5de22fca6813dfa980fb62fd542ec43a2d1a1f83d2caec907483fe66ff05"},
  "websock_adapter": {:hex, :websock_adapter, "0.5.3", "4908718e42e4a548fc20e00e70848620a92f11f7a6add8cf0886c4232267498d", [:mix], [{:bandit, ">= 0.6.0", [hex: :bandit, repo: "hexpm", optional: true]}, {:plug, "~> 1.14", [hex: :plug, repo: "hexpm", optional: false]}, {:plug_cowboy, "~> 2.6", [hex: :plug_cowboy, repo: "hexpm", optional: true]}, {:websock, "~> 0.5", [hex: :websock, repo: "hexpm", optional: false]}], "hexpm", "cbe5b814c1f86b6ea002b52dd99f345aeecf1a1a6964e209d208fb404d930d3d"},
  "wireguardex": {:hex, :wireguardex, "0.3.6", "163b72693ecb710473c40d3dec3c4c150ba1e7c85ac137114feb93033198c935", [:mix], [{:rustler, ">= 0.0.0", [hex: :rustler, repo: "hexpm", optional: true]}, {:rustler_precompiled, "~> 0.5.1", [hex: :rustler_precompiled, repo: "hexpm", optional: false]}], "hexpm", "1bbe747178265b5f5182aa46a61994635a31a6548cf5a965efbf827e7263c673"},
  "yamerl": {:hex, :yamerl, "0.10.0", "4ff81fee2f1f6a46f1700c0d880b24d193ddb74bd14ef42cb0bcf46e81ef2f8e", [:rebar3], [], "hexpm", "346adb2963f1051dc837a2364e4acf6eb7d80097c0f53cbdc3046ec8ec4b4e6e"},
  "yaml_elixir": {:hex, :yaml_elixir, "2.9.0", "9a256da867b37b8d2c1ffd5d9de373a4fda77a32a45b452f1708508ba7bbcb53", [:mix], [{:yamerl, "~> 0.10", [hex: :yamerl, repo: "hexpm", optional: false]}], "hexpm", "0cb0e7d4c56f5e99a6253ed1a670ed0e39c13fc45a6da054033928607ac08dfc"},
}
