// !$*UTF8*$!
{
	archiveVersion = 1;
	classes = {
	};
	objectVersion = 56;
	objects = {

/* Begin PBXBuildFile section */
		05CF1CF1290B1CEE00CF4755 /* NetworkExtension.framework in Frameworks */ = {isa = PBXBuildFile; fileRef = 05D3BB1628FDBD8A00BC3727 /* NetworkExtension.framework */; };
		05CF1CF9290B1CEE00CF4755 /* FirezoneNetworkExtensioniOS.appex in Embed Foundation Extensions */ = {isa = PBXBuildFile; fileRef = 05CF1CF0290B1CEE00CF4755 /* FirezoneNetworkExtensioniOS.appex */; platformFilter = ios; settings = {ATTRIBUTES = (RemoveHeadersOnCopy, ); }; };
		05CF1D04290B1DCD00CF4755 /* NetworkExtension.framework in Frameworks */ = {isa = PBXBuildFile; fileRef = 05D3BB1628FDBD8A00BC3727 /* NetworkExtension.framework */; platformFilters = (macos, ); };
		05CF1D0C290B1DCD00CF4755 /* FirezoneNetworkExtensionmacOS.appex in Embed Foundation Extensions */ = {isa = PBXBuildFile; fileRef = 05CF1D03290B1DCD00CF4755 /* FirezoneNetworkExtensionmacOS.appex */; platformFilters = (macos, ); settings = {ATTRIBUTES = (RemoveHeadersOnCopy, ); }; };
		05CF1D16290B1FE700CF4755 /* PacketTunnelProvider.swift in Sources */ = {isa = PBXBuildFile; fileRef = 05833DFA28F73B070008FAB0 /* PacketTunnelProvider.swift */; };
		05CF1D17290B1FE700CF4755 /* PacketTunnelProvider.swift in Sources */ = {isa = PBXBuildFile; fileRef = 05833DFA28F73B070008FAB0 /* PacketTunnelProvider.swift */; };
		05D3BB2128FDE9C000BC3727 /* NetworkExtension.framework in Frameworks */ = {isa = PBXBuildFile; fileRef = 05D3BB1628FDBD8A00BC3727 /* NetworkExtension.framework */; };
		6FE454F62A5BFB93006549B1 /* Adapter.swift in Sources */ = {isa = PBXBuildFile; fileRef = 6FE454EA2A5BFABA006549B1 /* Adapter.swift */; };
		6FE454F72A5BFB93006549B1 /* Adapter.swift in Sources */ = {isa = PBXBuildFile; fileRef = 6FE454EA2A5BFABA006549B1 /* Adapter.swift */; };
		6FE455092A5D110D006549B1 /* CallbackHandler.swift in Sources */ = {isa = PBXBuildFile; fileRef = 6FE455082A5D110D006549B1 /* CallbackHandler.swift */; };
		6FE4550A2A5D110D006549B1 /* CallbackHandler.swift in Sources */ = {isa = PBXBuildFile; fileRef = 6FE455082A5D110D006549B1 /* CallbackHandler.swift */; };
		6FE4550C2A5D111E006549B1 /* SwiftBridgeCore.swift in Sources */ = {isa = PBXBuildFile; fileRef = 6FE4550B2A5D111D006549B1 /* SwiftBridgeCore.swift */; };
		6FE4550D2A5D111E006549B1 /* SwiftBridgeCore.swift in Sources */ = {isa = PBXBuildFile; fileRef = 6FE4550B2A5D111D006549B1 /* SwiftBridgeCore.swift */; };
		6FE4550F2A5D112C006549B1 /* connlib-client-apple.swift in Sources */ = {isa = PBXBuildFile; fileRef = 6FE4550E2A5D112C006549B1 /* connlib-client-apple.swift */; };
		6FE455102A5D112C006549B1 /* connlib-client-apple.swift in Sources */ = {isa = PBXBuildFile; fileRef = 6FE4550E2A5D112C006549B1 /* connlib-client-apple.swift */; };
		6FE93AFB2A738D7E002D278A /* NetworkSettings.swift in Sources */ = {isa = PBXBuildFile; fileRef = 6FE93AFA2A738D7E002D278A /* NetworkSettings.swift */; };
		6FE93AFC2A738D7E002D278A /* NetworkSettings.swift in Sources */ = {isa = PBXBuildFile; fileRef = 6FE93AFA2A738D7E002D278A /* NetworkSettings.swift */; };
		6FFECD5C2AD6998400E00273 /* SystemConfiguration.framework in Frameworks */ = {isa = PBXBuildFile; fileRef = 6FFECD5B2AD6998400E00273 /* SystemConfiguration.framework */; };
		794C38152970A2660029F38F /* FirezoneKit in Frameworks */ = {isa = PBXBuildFile; productRef = 794C38142970A2660029F38F /* FirezoneKit */; };
		794C38172970A26A0029F38F /* FirezoneKit in Frameworks */ = {isa = PBXBuildFile; productRef = 794C38162970A26A0029F38F /* FirezoneKit */; };
		79756C6629704A7A0018E2D5 /* FirezoneKit in Frameworks */ = {isa = PBXBuildFile; productRef = 79756C6529704A7A0018E2D5 /* FirezoneKit */; };
		8D69392C2BA24FE600AF4396 /* BindResolvers.swift in Sources */ = {isa = PBXBuildFile; fileRef = 8D69392B2BA24FE600AF4396 /* BindResolvers.swift */; };
		8D6939322BA2521A00AF4396 /* SystemConfigurationResolvers.swift in Sources */ = {isa = PBXBuildFile; fileRef = 8D6939312BA2521A00AF4396 /* SystemConfigurationResolvers.swift */; };
		8DA12C332BB7DA04007D91EB /* PrivacyInfo.xcprivacy in Resources */ = {isa = PBXBuildFile; fileRef = 8DA12C322BB7DA04007D91EB /* PrivacyInfo.xcprivacy */; };
		8DA12C342BB7DA04007D91EB /* PrivacyInfo.xcprivacy in Resources */ = {isa = PBXBuildFile; fileRef = 8DA12C322BB7DA04007D91EB /* PrivacyInfo.xcprivacy */; };
		8DC08BCB2B296C4500675F46 /* libresolv.9.tbd in Frameworks */ = {isa = PBXBuildFile; fileRef = 8DC08BCA2B296C4500675F46 /* libresolv.9.tbd */; };
		8DC08BCD2B296C5900675F46 /* libresolv.9.tbd in Frameworks */ = {isa = PBXBuildFile; fileRef = 8DC08BCC2B296C5900675F46 /* libresolv.9.tbd */; };
		8DC08BD22B297B7B00675F46 /* libresolv.tbd in Frameworks */ = {isa = PBXBuildFile; fileRef = 8DC08BD12B297B7B00675F46 /* libresolv.tbd */; };
		8DC08BD42B297B8200675F46 /* libresolv.tbd in Frameworks */ = {isa = PBXBuildFile; fileRef = 8DC08BD32B297B8200675F46 /* libresolv.tbd */; };
		8DC08BD62B297DA400675F46 /* FirezoneNetworkExtension-Bridging-Header.h in Sources */ = {isa = PBXBuildFile; fileRef = 6FE455112A5D13A2006549B1 /* FirezoneNetworkExtension-Bridging-Header.h */; };
		8DC08BD72B297DB400675F46 /* FirezoneNetworkExtension-Bridging-Header.h in Sources */ = {isa = PBXBuildFile; fileRef = 6FE455112A5D13A2006549B1 /* FirezoneNetworkExtension-Bridging-Header.h */; };
		8DCC021D28D512AC007E12D2 /* FirezoneApp.swift in Sources */ = {isa = PBXBuildFile; fileRef = 8DCC021C28D512AC007E12D2 /* FirezoneApp.swift */; };
		8DCC022628D512AE007E12D2 /* Assets.xcassets in Resources */ = {isa = PBXBuildFile; fileRef = 8DCC022528D512AE007E12D2 /* Assets.xcassets */; };
		8DCC022A28D512AE007E12D2 /* Preview Assets.xcassets in Resources */ = {isa = PBXBuildFile; fileRef = 8DCC022928D512AE007E12D2 /* Preview Assets.xcassets */; };
/* End PBXBuildFile section */

/* Begin PBXContainerItemProxy section */
		05CF1CF7290B1CEE00CF4755 /* PBXContainerItemProxy */ = {
			isa = PBXContainerItemProxy;
			containerPortal = 8DCC021128D512AC007E12D2 /* Project object */;
			proxyType = 1;
			remoteGlobalIDString = 05CF1CEF290B1CEE00CF4755;
			remoteInfo = FirezoneNetworkExtensioniOS;
		};
		05CF1D0A290B1DCD00CF4755 /* PBXContainerItemProxy */ = {
			isa = PBXContainerItemProxy;
			containerPortal = 8DCC021128D512AC007E12D2 /* Project object */;
			proxyType = 1;
			remoteGlobalIDString = 05CF1D02290B1DCD00CF4755;
			remoteInfo = FirezoneNetworkExtensionmacOS;
		};
		6F3E231B2A5DC0DB00737CF1 /* PBXContainerItemProxy */ = {
			isa = PBXContainerItemProxy;
			containerPortal = 8DCC021128D512AC007E12D2 /* Project object */;
			proxyType = 1;
			remoteGlobalIDString = 6FE454BC2A5BC5F3006549B1;
			remoteInfo = "Build Connlib";
		};
		6F3E231D2A5DC0DF00737CF1 /* PBXContainerItemProxy */ = {
			isa = PBXContainerItemProxy;
			containerPortal = 8DCC021128D512AC007E12D2 /* Project object */;
			proxyType = 1;
			remoteGlobalIDString = 6FE454BC2A5BC5F3006549B1;
			remoteInfo = "Build Connlib";
		};
/* End PBXContainerItemProxy section */

/* Begin PBXCopyFilesBuildPhase section */
		0556189428EF883500DF9E3C /* Embed Foundation Extensions */ = {
			isa = PBXCopyFilesBuildPhase;
			buildActionMask = 2147483647;
			dstPath = "";
			dstSubfolderSpec = 13;
			files = (
				05CF1CF9290B1CEE00CF4755 /* FirezoneNetworkExtensioniOS.appex in Embed Foundation Extensions */,
				05CF1D0C290B1DCD00CF4755 /* FirezoneNetworkExtensionmacOS.appex in Embed Foundation Extensions */,
			);
			name = "Embed Foundation Extensions";
			runOnlyForDeploymentPostprocessing = 0;
		};
		05CF1C8A290B11A500CF4755 /* Embed System Extensions */ = {
			isa = PBXCopyFilesBuildPhase;
			buildActionMask = 2147483647;
			dstPath = "$(SYSTEM_EXTENSIONS_FOLDER_PATH)";
			dstSubfolderSpec = 16;
			files = (
			);
			name = "Embed System Extensions";
			runOnlyForDeploymentPostprocessing = 0;
		};
/* End PBXCopyFilesBuildPhase section */

/* Begin PBXFileReference section */
		05833DFA28F73B070008FAB0 /* PacketTunnelProvider.swift */ = {isa = PBXFileReference; lastKnownFileType = sourcecode.swift; path = PacketTunnelProvider.swift; sourceTree = "<group>"; };
		05B6467B292C36140014A4D4 /* AuthenticationServiceStub.swift */ = {isa = PBXFileReference; lastKnownFileType = sourcecode.swift; path = AuthenticationServiceStub.swift; sourceTree = "<group>"; };
		05CF1C39290995DA00CF4755 /* Info.plist */ = {isa = PBXFileReference; lastKnownFileType = text.plist.xml; path = Info.plist; sourceTree = "<group>"; };
		05CF1CDE290B1A9000CF4755 /* FirezoneNetworkExtension_macOS.entitlements */ = {isa = PBXFileReference; lastKnownFileType = text.plist.entitlements; path = FirezoneNetworkExtension_macOS.entitlements; sourceTree = "<group>"; };
		05CF1CF0290B1CEE00CF4755 /* FirezoneNetworkExtensioniOS.appex */ = {isa = PBXFileReference; explicitFileType = "wrapper.app-extension"; includeInIndex = 0; path = FirezoneNetworkExtensioniOS.appex; sourceTree = BUILT_PRODUCTS_DIR; };
		05CF1CF6290B1CEE00CF4755 /* FirezoneNetworkExtension_iOS.entitlements */ = {isa = PBXFileReference; lastKnownFileType = text.plist.entitlements; path = FirezoneNetworkExtension_iOS.entitlements; sourceTree = "<group>"; };
		05CF1D03290B1DCD00CF4755 /* FirezoneNetworkExtensionmacOS.appex */ = {isa = PBXFileReference; explicitFileType = "wrapper.app-extension"; includeInIndex = 0; path = FirezoneNetworkExtensionmacOS.appex; sourceTree = BUILT_PRODUCTS_DIR; };
		05D3BB1628FDBD8A00BC3727 /* NetworkExtension.framework */ = {isa = PBXFileReference; lastKnownFileType = wrapper.framework; name = NetworkExtension.framework; path = System/Library/Frameworks/NetworkExtension.framework; sourceTree = SDKROOT; };
		6FE454EA2A5BFABA006549B1 /* Adapter.swift */ = {isa = PBXFileReference; fileEncoding = 4; lastKnownFileType = sourcecode.swift; path = Adapter.swift; sourceTree = "<group>"; };
		6FE455082A5D110D006549B1 /* CallbackHandler.swift */ = {isa = PBXFileReference; fileEncoding = 4; lastKnownFileType = sourcecode.swift; path = CallbackHandler.swift; sourceTree = "<group>"; };
		6FE4550B2A5D111D006549B1 /* SwiftBridgeCore.swift */ = {isa = PBXFileReference; fileEncoding = 4; lastKnownFileType = sourcecode.swift; name = SwiftBridgeCore.swift; path = Connlib/Generated/SwiftBridgeCore.swift; sourceTree = "<group>"; };
		6FE4550E2A5D112C006549B1 /* connlib-client-apple.swift */ = {isa = PBXFileReference; fileEncoding = 4; lastKnownFileType = sourcecode.swift; name = "connlib-client-apple.swift"; path = "Connlib/Generated/connlib-client-apple/connlib-client-apple.swift"; sourceTree = "<group>"; };
		6FE455112A5D13A2006549B1 /* FirezoneNetworkExtension-Bridging-Header.h */ = {isa = PBXFileReference; lastKnownFileType = sourcecode.c.h; path = "FirezoneNetworkExtension-Bridging-Header.h"; sourceTree = "<group>"; };
		6FE93AFA2A738D7E002D278A /* NetworkSettings.swift */ = {isa = PBXFileReference; lastKnownFileType = sourcecode.swift; path = NetworkSettings.swift; sourceTree = "<group>"; };
		6FFECD5B2AD6998400E00273 /* SystemConfiguration.framework */ = {isa = PBXFileReference; lastKnownFileType = wrapper.framework; name = SystemConfiguration.framework; path = System/Library/Frameworks/SystemConfiguration.framework; sourceTree = SDKROOT; };
		8D69392B2BA24FE600AF4396 /* BindResolvers.swift */ = {isa = PBXFileReference; fileEncoding = 4; lastKnownFileType = sourcecode.swift; path = BindResolvers.swift; sourceTree = "<group>"; };
		8D6939312BA2521A00AF4396 /* SystemConfigurationResolvers.swift */ = {isa = PBXFileReference; fileEncoding = 4; lastKnownFileType = sourcecode.swift; path = SystemConfigurationResolvers.swift; sourceTree = "<group>"; };
		8DA12C322BB7DA04007D91EB /* PrivacyInfo.xcprivacy */ = {isa = PBXFileReference; lastKnownFileType = text.xml; path = PrivacyInfo.xcprivacy; sourceTree = "<group>"; };
		8DC08BCA2B296C4500675F46 /* libresolv.9.tbd */ = {isa = PBXFileReference; lastKnownFileType = "sourcecode.text-based-dylib-definition"; name = libresolv.9.tbd; path = Platforms/iPhoneOS.platform/Developer/SDKs/iPhoneOS17.2.sdk/usr/lib/libresolv.9.tbd; sourceTree = DEVELOPER_DIR; };
		8DC08BCC2B296C5900675F46 /* libresolv.9.tbd */ = {isa = PBXFileReference; lastKnownFileType = "sourcecode.text-based-dylib-definition"; name = libresolv.9.tbd; path = usr/lib/libresolv.9.tbd; sourceTree = SDKROOT; };
		8DC08BD12B297B7B00675F46 /* libresolv.tbd */ = {isa = PBXFileReference; lastKnownFileType = "sourcecode.text-based-dylib-definition"; name = libresolv.tbd; path = usr/lib/libresolv.tbd; sourceTree = SDKROOT; };
		8DC08BD32B297B8200675F46 /* libresolv.tbd */ = {isa = PBXFileReference; lastKnownFileType = "sourcecode.text-based-dylib-definition"; name = libresolv.tbd; path = Platforms/iPhoneOS.platform/Developer/SDKs/iPhoneOS17.2.sdk/usr/lib/libresolv.tbd; sourceTree = DEVELOPER_DIR; };
		8DCC021928D512AC007E12D2 /* Firezone.app */ = {isa = PBXFileReference; explicitFileType = wrapper.application; includeInIndex = 0; path = Firezone.app; sourceTree = BUILT_PRODUCTS_DIR; };
		8DCC021C28D512AC007E12D2 /* FirezoneApp.swift */ = {isa = PBXFileReference; lastKnownFileType = sourcecode.swift; path = FirezoneApp.swift; sourceTree = "<group>"; };
		8DCC022528D512AE007E12D2 /* Assets.xcassets */ = {isa = PBXFileReference; lastKnownFileType = folder.assetcatalog; path = Assets.xcassets; sourceTree = "<group>"; };
		8DCC022728D512AE007E12D2 /* Firezone.entitlements */ = {isa = PBXFileReference; lastKnownFileType = text.plist.entitlements; path = Firezone.entitlements; sourceTree = "<group>"; };
		8DCC022928D512AE007E12D2 /* Preview Assets.xcassets */ = {isa = PBXFileReference; lastKnownFileType = folder.assetcatalog; path = "Preview Assets.xcassets"; sourceTree = "<group>"; };
		8DD2C4C3297B37BA00F984BF /* FirezoneKit */ = {isa = PBXFileReference; lastKnownFileType = wrapper; path = FirezoneKit; sourceTree = "<group>"; };
		8DDD0E8B2ADC6657001FA7E9 /* config.xcconfig */ = {isa = PBXFileReference; fileEncoding = 4; lastKnownFileType = text.xcconfig; name = config.xcconfig; path = xcconfig/config.xcconfig; sourceTree = "<group>"; };
/* End PBXFileReference section */

/* Begin PBXFrameworksBuildPhase section */
		05CF1CED290B1CEE00CF4755 /* Frameworks */ = {
			isa = PBXFrameworksBuildPhase;
			buildActionMask = 2147483647;
			files = (
				8DC08BD42B297B8200675F46 /* libresolv.tbd in Frameworks */,
				8DC08BCB2B296C4500675F46 /* libresolv.9.tbd in Frameworks */,
				794C38152970A2660029F38F /* FirezoneKit in Frameworks */,
				05CF1CF1290B1CEE00CF4755 /* NetworkExtension.framework in Frameworks */,
			);
			runOnlyForDeploymentPostprocessing = 0;
		};
		05CF1D00290B1DCD00CF4755 /* Frameworks */ = {
			isa = PBXFrameworksBuildPhase;
			buildActionMask = 2147483647;
			files = (
				8DC08BD22B297B7B00675F46 /* libresolv.tbd in Frameworks */,
				8DC08BCD2B296C5900675F46 /* libresolv.9.tbd in Frameworks */,
				794C38172970A26A0029F38F /* FirezoneKit in Frameworks */,
				05CF1D04290B1DCD00CF4755 /* NetworkExtension.framework in Frameworks */,
				6FFECD5C2AD6998400E00273 /* SystemConfiguration.framework in Frameworks */,
			);
			runOnlyForDeploymentPostprocessing = 0;
		};
		8DCC021628D512AC007E12D2 /* Frameworks */ = {
			isa = PBXFrameworksBuildPhase;
			buildActionMask = 2147483647;
			files = (
				05D3BB2128FDE9C000BC3727 /* NetworkExtension.framework in Frameworks */,
				79756C6629704A7A0018E2D5 /* FirezoneKit in Frameworks */,
			);
			runOnlyForDeploymentPostprocessing = 0;
		};
/* End PBXFrameworksBuildPhase section */

/* Begin PBXGroup section */
		0580451B29385C150080D1F0 /* Recovered References */ = {
			isa = PBXGroup;
			children = (
				05B6467B292C36140014A4D4 /* AuthenticationServiceStub.swift */,
			);
			name = "Recovered References";
			sourceTree = "<group>";
		};
		05833DF928F73B070008FAB0 /* FirezoneNetworkExtension */ = {
			isa = PBXGroup;
			children = (
				8D6939312BA2521A00AF4396 /* SystemConfigurationResolvers.swift */,
				8D69392B2BA24FE600AF4396 /* BindResolvers.swift */,
				05CF1CF6290B1CEE00CF4755 /* FirezoneNetworkExtension_iOS.entitlements */,
				05CF1CDE290B1A9000CF4755 /* FirezoneNetworkExtension_macOS.entitlements */,
				05833DFA28F73B070008FAB0 /* PacketTunnelProvider.swift */,
				6FE454EA2A5BFABA006549B1 /* Adapter.swift */,
				6FE93AFA2A738D7E002D278A /* NetworkSettings.swift */,
				6FE455082A5D110D006549B1 /* CallbackHandler.swift */,
				6FE4550B2A5D111D006549B1 /* SwiftBridgeCore.swift */,
				6FE4550E2A5D112C006549B1 /* connlib-client-apple.swift */,
				6FE455112A5D13A2006549B1 /* FirezoneNetworkExtension-Bridging-Header.h */,
			);
			path = FirezoneNetworkExtension;
			sourceTree = "<group>";
		};
		05E1505F28FF398000170F82 /* Application */ = {
			isa = PBXGroup;
			children = (
				8DCC021C28D512AC007E12D2 /* FirezoneApp.swift */,
			);
			path = Application;
			sourceTree = "<group>";
		};
		8D3F90C328D64FAD00980124 /* Frameworks */ = {
			isa = PBXGroup;
			children = (
				8DC08BD12B297B7B00675F46 /* libresolv.tbd */,
				8DC08BD32B297B8200675F46 /* libresolv.tbd */,
				8DC08BCA2B296C4500675F46 /* libresolv.9.tbd */,
				8DC08BCC2B296C5900675F46 /* libresolv.9.tbd */,
				6FFECD5B2AD6998400E00273 /* SystemConfiguration.framework */,
				05D3BB1628FDBD8A00BC3727 /* NetworkExtension.framework */,
			);
			name = Frameworks;
			sourceTree = "<group>";
		};
		8DCC021028D512AC007E12D2 = {
			isa = PBXGroup;
			children = (
				8DA12C322BB7DA04007D91EB /* PrivacyInfo.xcprivacy */,
				8DD2C4C2297B37BA00F984BF /* Packages */,
				8DCC021B28D512AC007E12D2 /* Firezone */,
				05833DF928F73B070008FAB0 /* FirezoneNetworkExtension */,
				8DCC021A28D512AC007E12D2 /* Products */,
				8D3F90C328D64FAD00980124 /* Frameworks */,
				0580451B29385C150080D1F0 /* Recovered References */,
			);
			sourceTree = "<group>";
		};
		8DCC021A28D512AC007E12D2 /* Products */ = {
			isa = PBXGroup;
			children = (
				8DCC021928D512AC007E12D2 /* Firezone.app */,
				05CF1CF0290B1CEE00CF4755 /* FirezoneNetworkExtensioniOS.appex */,
				05CF1D03290B1DCD00CF4755 /* FirezoneNetworkExtensionmacOS.appex */,
			);
			name = Products;
			sourceTree = "<group>";
		};
		8DCC021B28D512AC007E12D2 /* Firezone */ = {
			isa = PBXGroup;
			children = (
				8DDD0E8B2ADC6657001FA7E9 /* config.xcconfig */,
				05E1505F28FF398000170F82 /* Application */,
				8DCC022528D512AE007E12D2 /* Assets.xcassets */,
				8DCC022728D512AE007E12D2 /* Firezone.entitlements */,
				05CF1C39290995DA00CF4755 /* Info.plist */,
				8DCC022828D512AE007E12D2 /* Preview Content */,
			);
			path = Firezone;
			sourceTree = "<group>";
		};
		8DCC022828D512AE007E12D2 /* Preview Content */ = {
			isa = PBXGroup;
			children = (
				8DCC022928D512AE007E12D2 /* Preview Assets.xcassets */,
			);
			path = "Preview Content";
			sourceTree = "<group>";
		};
		8DD2C4C2297B37BA00F984BF /* Packages */ = {
			isa = PBXGroup;
			children = (
				8DD2C4C3297B37BA00F984BF /* FirezoneKit */,
			);
			name = Packages;
			sourceTree = "<group>";
		};
/* End PBXGroup section */

/* Begin PBXLegacyTarget section */
		6FE454BC2A5BC5F3006549B1 /* Build Connlib */ = {
			isa = PBXLegacyTarget;
			buildArgumentsString = "$(ACTION)";
			buildConfigurationList = 6FE454BD2A5BC5F3006549B1 /* Build configuration list for PBXLegacyTarget "Build Connlib" */;
			buildPhases = (
			);
			buildToolPath = "$(CONNLIB_SOURCE_DIR)/build-rust.sh";
			buildWorkingDirectory = "$(CONNLIB_SOURCE_DIR)";
			dependencies = (
			);
			name = "Build Connlib";
			passBuildSettingsInEnvironment = 1;
			productName = "Build Connlib";
		};
/* End PBXLegacyTarget section */

/* Begin PBXNativeTarget section */
		05CF1CEF290B1CEE00CF4755 /* FirezoneNetworkExtensioniOS */ = {
			isa = PBXNativeTarget;
			buildConfigurationList = 05CF1CFA290B1CEE00CF4755 /* Build configuration list for PBXNativeTarget "FirezoneNetworkExtensioniOS" */;
			buildPhases = (
				6F3E231A2A5D830D00737CF1 /* Copy Connlib Headers and Swift Files */,
				05CF1CEC290B1CEE00CF4755 /* Sources */,
				05CF1CED290B1CEE00CF4755 /* Frameworks */,
				05CF1CEE290B1CEE00CF4755 /* Resources */,
			);
			buildRules = (
			);
			dependencies = (
				6F3E231C2A5DC0DB00737CF1 /* PBXTargetDependency */,
			);
			name = FirezoneNetworkExtensioniOS;
			packageProductDependencies = (
				794C38142970A2660029F38F /* FirezoneKit */,
			);
			productName = FirezoneNetworkExtensioniOS;
			productReference = 05CF1CF0290B1CEE00CF4755 /* FirezoneNetworkExtensioniOS.appex */;
			productType = "com.apple.product-type.app-extension";
		};
		05CF1D02290B1DCD00CF4755 /* FirezoneNetworkExtensionmacOS */ = {
			isa = PBXNativeTarget;
			buildConfigurationList = 05CF1D0D290B1DCD00CF4755 /* Build configuration list for PBXNativeTarget "FirezoneNetworkExtensionmacOS" */;
			buildPhases = (
				6F3E23192A5D823500737CF1 /* Copy Connlib Headers and Swift Files */,
				05CF1CFF290B1DCD00CF4755 /* Sources */,
				05CF1D00290B1DCD00CF4755 /* Frameworks */,
				05CF1D01290B1DCD00CF4755 /* Resources */,
			);
			buildRules = (
			);
			dependencies = (
				6F3E231E2A5DC0DF00737CF1 /* PBXTargetDependency */,
			);
			name = FirezoneNetworkExtensionmacOS;
			packageProductDependencies = (
				794C38162970A26A0029F38F /* FirezoneKit */,
			);
			productName = FirezoneNetworkExtensionmacOS;
			productReference = 05CF1D03290B1DCD00CF4755 /* FirezoneNetworkExtensionmacOS.appex */;
			productType = "com.apple.product-type.app-extension";
		};
		8DCC021828D512AC007E12D2 /* Firezone */ = {
			isa = PBXNativeTarget;
			buildConfigurationList = 8DCC024328D512AE007E12D2 /* Build configuration list for PBXNativeTarget "Firezone" */;
			buildPhases = (
				8DE721892ACA295200E395D5 /* swift-format */,
				8DCC021528D512AC007E12D2 /* Sources */,
				8DCC021628D512AC007E12D2 /* Frameworks */,
				8DCC021728D512AC007E12D2 /* Resources */,
				0556189428EF883500DF9E3C /* Embed Foundation Extensions */,
				05CF1C8A290B11A500CF4755 /* Embed System Extensions */,
			);
			buildRules = (
			);
			dependencies = (
				05CF1CF8290B1CEE00CF4755 /* PBXTargetDependency */,
				05CF1D0B290B1DCD00CF4755 /* PBXTargetDependency */,
			);
			name = Firezone;
			packageProductDependencies = (
				79756C6529704A7A0018E2D5 /* FirezoneKit */,
			);
			productName = Firezone;
			productReference = 8DCC021928D512AC007E12D2 /* Firezone.app */;
			productType = "com.apple.product-type.application";
		};
/* End PBXNativeTarget section */

/* Begin PBXProject section */
		8DCC021128D512AC007E12D2 /* Project object */ = {
			isa = PBXProject;
			attributes = {
				BuildIndependentTargetsInParallel = 1;
				LastSwiftUpdateCheck = 1400;
				LastUpgradeCheck = 1430;
				TargetAttributes = {
					05CF1CEF290B1CEE00CF4755 = {
						CreatedOnToolsVersion = 14.0.1;
						LastSwiftMigration = 1430;
					};
					05CF1D02290B1DCD00CF4755 = {
						CreatedOnToolsVersion = 14.0.1;
						LastSwiftMigration = 1430;
					};
					6FE454BC2A5BC5F3006549B1 = {
						CreatedOnToolsVersion = 14.3;
					};
					8DCC021828D512AC007E12D2 = {
						CreatedOnToolsVersion = 14.0;
						LastSwiftMigration = 1400;
					};
				};
			};
			buildConfigurationList = 8DCC021428D512AC007E12D2 /* Build configuration list for PBXProject "Firezone" */;
			compatibilityVersion = "Xcode 14.0";
			developmentRegion = en;
			hasScannedForEncodings = 0;
			knownRegions = (
				en,
				Base,
			);
			mainGroup = 8DCC021028D512AC007E12D2;
			packageReferences = (
			);
			productRefGroup = 8DCC021A28D512AC007E12D2 /* Products */;
			projectDirPath = "";
			projectRoot = "";
			targets = (
				8DCC021828D512AC007E12D2 /* Firezone */,
				05CF1CEF290B1CEE00CF4755 /* FirezoneNetworkExtensioniOS */,
				05CF1D02290B1DCD00CF4755 /* FirezoneNetworkExtensionmacOS */,
				6FE454BC2A5BC5F3006549B1 /* Build Connlib */,
			);
		};
/* End PBXProject section */

/* Begin PBXResourcesBuildPhase section */
		05CF1CEE290B1CEE00CF4755 /* Resources */ = {
			isa = PBXResourcesBuildPhase;
			buildActionMask = 2147483647;
			files = (
				8DA12C332BB7DA04007D91EB /* PrivacyInfo.xcprivacy in Resources */,
			);
			runOnlyForDeploymentPostprocessing = 0;
		};
		05CF1D01290B1DCD00CF4755 /* Resources */ = {
			isa = PBXResourcesBuildPhase;
			buildActionMask = 2147483647;
			files = (
				8DA12C342BB7DA04007D91EB /* PrivacyInfo.xcprivacy in Resources */,
			);
			runOnlyForDeploymentPostprocessing = 0;
		};
		8DCC021728D512AC007E12D2 /* Resources */ = {
			isa = PBXResourcesBuildPhase;
			buildActionMask = 2147483647;
			files = (
				8DCC022A28D512AE007E12D2 /* Preview Assets.xcassets in Resources */,
				8DCC022628D512AE007E12D2 /* Assets.xcassets in Resources */,
			);
			runOnlyForDeploymentPostprocessing = 0;
		};
/* End PBXResourcesBuildPhase section */

/* Begin PBXShellScriptBuildPhase section */
		6F3E23192A5D823500737CF1 /* Copy Connlib Headers and Swift Files */ = {
			isa = PBXShellScriptBuildPhase;
			buildActionMask = 2147483647;
			files = (
			);
			inputFileListPaths = (
			);
			inputPaths = (
			);
			name = "Copy Connlib Headers and Swift Files";
			outputFileListPaths = (
				"$(SRCROOT)/FirezoneNetworkExtension/Connlib.xcfilelist",
			);
			outputPaths = (
			);
			runOnlyForDeploymentPostprocessing = 0;
			shellPath = /bin/sh;
			shellScript = "# Type a script or drag a script file from your workspace to insert its path.\n./copy_generated_connlib_files.sh\n";
			showEnvVarsInLog = 0;
		};
		6F3E231A2A5D830D00737CF1 /* Copy Connlib Headers and Swift Files */ = {
			isa = PBXShellScriptBuildPhase;
			buildActionMask = 2147483647;
			files = (
			);
			inputFileListPaths = (
			);
			inputPaths = (
			);
			name = "Copy Connlib Headers and Swift Files";
			outputFileListPaths = (
				"$(SRCROOT)/FirezoneNetworkExtension/Connlib.xcfilelist",
			);
			outputPaths = (
			);
			runOnlyForDeploymentPostprocessing = 0;
			shellPath = /bin/sh;
			shellScript = "# Type a script or drag a script file from your workspace to insert its path.\n./copy_generated_connlib_files.sh\n";
			showEnvVarsInLog = 0;
		};
		8DE721892ACA295200E395D5 /* swift-format */ = {
			isa = PBXShellScriptBuildPhase;
			alwaysOutOfDate = 1;
			buildActionMask = 2147483647;
			files = (
			);
			inputFileListPaths = (
			);
			inputPaths = (
			);
			name = "swift-format";
			outputFileListPaths = (
			);
			outputPaths = (
			);
			runOnlyForDeploymentPostprocessing = 0;
			shellPath = /bin/sh;
			shellScript = "./lint.sh\n";
		};
/* End PBXShellScriptBuildPhase section */

/* Begin PBXSourcesBuildPhase section */
		05CF1CEC290B1CEE00CF4755 /* Sources */ = {
			isa = PBXSourcesBuildPhase;
			buildActionMask = 2147483647;
			files = (
				8DC08BD72B297DB400675F46 /* FirezoneNetworkExtension-Bridging-Header.h in Sources */,
				6FE455092A5D110D006549B1 /* CallbackHandler.swift in Sources */,
				6FE4550F2A5D112C006549B1 /* connlib-client-apple.swift in Sources */,
				05CF1D17290B1FE700CF4755 /* PacketTunnelProvider.swift in Sources */,
				6FE454F62A5BFB93006549B1 /* Adapter.swift in Sources */,
				6FE4550C2A5D111E006549B1 /* SwiftBridgeCore.swift in Sources */,
				8D69392C2BA24FE600AF4396 /* BindResolvers.swift in Sources */,
				6FE93AFB2A738D7E002D278A /* NetworkSettings.swift in Sources */,
			);
			runOnlyForDeploymentPostprocessing = 0;
		};
		05CF1CFF290B1DCD00CF4755 /* Sources */ = {
			isa = PBXSourcesBuildPhase;
			buildActionMask = 2147483647;
			files = (
				8DC08BD62B297DA400675F46 /* FirezoneNetworkExtension-Bridging-Header.h in Sources */,
				6FE4550A2A5D110D006549B1 /* CallbackHandler.swift in Sources */,
				6FE455102A5D112C006549B1 /* connlib-client-apple.swift in Sources */,
				05CF1D16290B1FE700CF4755 /* PacketTunnelProvider.swift in Sources */,
				6FE454F72A5BFB93006549B1 /* Adapter.swift in Sources */,
				6FE4550D2A5D111E006549B1 /* SwiftBridgeCore.swift in Sources */,
				6FE93AFC2A738D7E002D278A /* NetworkSettings.swift in Sources */,
				8D6939322BA2521A00AF4396 /* SystemConfigurationResolvers.swift in Sources */,
			);
			runOnlyForDeploymentPostprocessing = 0;
		};
		8DCC021528D512AC007E12D2 /* Sources */ = {
			isa = PBXSourcesBuildPhase;
			buildActionMask = 2147483647;
			files = (
				8DCC021D28D512AC007E12D2 /* FirezoneApp.swift in Sources */,
			);
			runOnlyForDeploymentPostprocessing = 0;
		};
/* End PBXSourcesBuildPhase section */

/* Begin PBXTargetDependency section */
		05CF1CF8290B1CEE00CF4755 /* PBXTargetDependency */ = {
			isa = PBXTargetDependency;
			platformFilter = ios;
			target = 05CF1CEF290B1CEE00CF4755 /* FirezoneNetworkExtensioniOS */;
			targetProxy = 05CF1CF7290B1CEE00CF4755 /* PBXContainerItemProxy */;
		};
		05CF1D0B290B1DCD00CF4755 /* PBXTargetDependency */ = {
			isa = PBXTargetDependency;
			platformFilters = (
				macos,
			);
			target = 05CF1D02290B1DCD00CF4755 /* FirezoneNetworkExtensionmacOS */;
			targetProxy = 05CF1D0A290B1DCD00CF4755 /* PBXContainerItemProxy */;
		};
		6F3E231C2A5DC0DB00737CF1 /* PBXTargetDependency */ = {
			isa = PBXTargetDependency;
			target = 6FE454BC2A5BC5F3006549B1 /* Build Connlib */;
			targetProxy = 6F3E231B2A5DC0DB00737CF1 /* PBXContainerItemProxy */;
		};
		6F3E231E2A5DC0DF00737CF1 /* PBXTargetDependency */ = {
			isa = PBXTargetDependency;
			target = 6FE454BC2A5BC5F3006549B1 /* Build Connlib */;
			targetProxy = 6F3E231D2A5DC0DF00737CF1 /* PBXContainerItemProxy */;
		};
/* End PBXTargetDependency section */

/* Begin XCBuildConfiguration section */
		05CF1CFB290B1CEE00CF4755 /* Debug */ = {
			isa = XCBuildConfiguration;
			buildSettings = {
				CLANG_ENABLE_MODULES = YES;
				CODE_SIGN_ENTITLEMENTS = FirezoneNetworkExtension/FirezoneNetworkExtension_iOS.entitlements;
				CODE_SIGN_IDENTITY = "$(inherited)";
				CODE_SIGN_STYLE = "$(inherited)";
				CURRENT_PROJECT_VERSION = 0;
				DEVELOPMENT_TEAM = "$(inherited)";
				FRAMEWORK_SEARCH_PATHS = "";
				GENERATE_INFOPLIST_FILE = YES;
				INFOPLIST_FILE = FirezoneNetworkExtension/Info.plist;
				INFOPLIST_KEY_CFBundleDisplayName = FirezoneNetworkExtension;
				INFOPLIST_KEY_NSHumanReadableCopyright = "";
				LD_RUNPATH_SEARCH_PATHS = (
					"$(inherited)",
					"@executable_path/Frameworks",
					"@executable_path/../../Frameworks",
				);
				"LIBRARY_SEARCH_PATHS[sdk=iphoneos*]" = "$(CONNLIB_TARGET_DIR)/aarch64-apple-ios/debug";
				MACOSX_DEPLOYMENT_TARGET = "$(RECOMMENDED_MACOSX_DEPLOYMENT_TARGET)";
				MARKETING_VERSION = 1.3.8;
				ONLY_ACTIVE_ARCH = YES;
				OTHER_LDFLAGS = "-lconnlib";
				PRODUCT_BUNDLE_IDENTIFIER = "$(inherited).debug.network-extension";
				PRODUCT_NAME = "$(TARGET_NAME)";
				PROVISIONING_PROFILE_SPECIFIER = "";
				"PROVISIONING_PROFILE_SPECIFIER[sdk=iphoneos*]" = "$(IOS_NE_PROVISIONING_PROFILE_IDENTIFIER)";
				SDKROOT = iphoneos;
				SKIP_INSTALL = YES;
				SUPPORTED_PLATFORMS = iphoneos;
				SWIFT_EMIT_LOC_STRINGS = YES;
				SWIFT_OBJC_BRIDGING_HEADER = "FirezoneNetworkExtension/FirezoneNetworkExtension-Bridging-Header.h";
				SWIFT_OBJC_INTERFACE_HEADER_NAME = "";
				SWIFT_OPTIMIZATION_LEVEL = "-Onone";
				SWIFT_VERSION = 5.0;
				TARGETED_DEVICE_FAMILY = "1,2";
				TVOS_DEPLOYMENT_TARGET = "";
				WATCHOS_DEPLOYMENT_TARGET = "";
			};
			name = Debug;
		};
		05CF1CFC290B1CEE00CF4755 /* Release */ = {
			isa = XCBuildConfiguration;
			buildSettings = {
				CLANG_ENABLE_MODULES = YES;
				CODE_SIGN_ENTITLEMENTS = FirezoneNetworkExtension/FirezoneNetworkExtension_iOS.entitlements;
				CODE_SIGN_IDENTITY = "$(inherited)";
				CODE_SIGN_STYLE = "$(inherited)";
				CURRENT_PROJECT_VERSION = 0;
				DEVELOPMENT_TEAM = "$(inherited)";
				FRAMEWORK_SEARCH_PATHS = "";
				GENERATE_INFOPLIST_FILE = YES;
				INFOPLIST_FILE = FirezoneNetworkExtension/Info.plist;
				INFOPLIST_KEY_CFBundleDisplayName = FirezoneNetworkExtension;
				INFOPLIST_KEY_NSHumanReadableCopyright = "";
				LD_RUNPATH_SEARCH_PATHS = (
					"$(inherited)",
					"@executable_path/Frameworks",
					"@executable_path/../../Frameworks",
				);
				"LIBRARY_SEARCH_PATHS[sdk=iphoneos*]" = "$(CONNLIB_TARGET_DIR)/aarch64-apple-ios/release";
				MACOSX_DEPLOYMENT_TARGET = "$(RECOMMENDED_MACOSX_DEPLOYMENT_TARGET)";
				MARKETING_VERSION = 1.3.8;
				OTHER_LDFLAGS = "-lconnlib";
				PRODUCT_BUNDLE_IDENTIFIER = "$(inherited).network-extension";
				PRODUCT_NAME = "$(TARGET_NAME)";
				PROVISIONING_PROFILE_SPECIFIER = "";
				"PROVISIONING_PROFILE_SPECIFIER[sdk=iphoneos*]" = "$(IOS_NE_PROVISIONING_PROFILE_IDENTIFIER)";
				SDKROOT = iphoneos;
				SKIP_INSTALL = YES;
				SUPPORTED_PLATFORMS = iphoneos;
				SWIFT_EMIT_LOC_STRINGS = YES;
				SWIFT_OBJC_BRIDGING_HEADER = "FirezoneNetworkExtension/FirezoneNetworkExtension-Bridging-Header.h";
				SWIFT_OBJC_INTERFACE_HEADER_NAME = "";
				SWIFT_VERSION = 5.0;
				TARGETED_DEVICE_FAMILY = "1,2";
				TVOS_DEPLOYMENT_TARGET = "";
				VALIDATE_PRODUCT = YES;
				WATCHOS_DEPLOYMENT_TARGET = "";
			};
			name = Release;
		};
		05CF1D0E290B1DCD00CF4755 /* Debug */ = {
			isa = XCBuildConfiguration;
			buildSettings = {
				CLANG_ENABLE_MODULES = YES;
				CODE_SIGN_ENTITLEMENTS = FirezoneNetworkExtension/FirezoneNetworkExtension_macOS.entitlements;
				CODE_SIGN_IDENTITY = "$(inherited)";
				CODE_SIGN_STYLE = "$(inherited)";
				CURRENT_PROJECT_VERSION = 0;
				DEAD_CODE_STRIPPING = YES;
				DEVELOPMENT_TEAM = "$(inherited)";
				ENABLE_HARDENED_RUNTIME = YES;
				GENERATE_INFOPLIST_FILE = YES;
				INFOPLIST_FILE = FirezoneNetworkExtension/Info.plist;
				INFOPLIST_KEY_CFBundleDisplayName = FirezoneNetworkExtension;
				INFOPLIST_KEY_NSHumanReadableCopyright = "";
				IPHONEOS_DEPLOYMENT_TARGET = "";
				LD_RUNPATH_SEARCH_PATHS = (
					"$(inherited)",
					"@executable_path/../Frameworks",
					"@executable_path/../../../../Frameworks",
				);
				"LIBRARY_SEARCH_PATHS[arch=arm64]" = "$(CONNLIB_TARGET_DIR)/aarch64-apple-darwin/debug";
				"LIBRARY_SEARCH_PATHS[arch=arm64e]" = "$(CONNLIB_TARGET_DIR)/aarch64-apple-darwin/debug";
				"LIBRARY_SEARCH_PATHS[arch=x86_64]" = "$(CONNLIB_TARGET_DIR)/x86_64-apple-darwin/debug";
				MARKETING_VERSION = 1.3.8;
				OTHER_LDFLAGS = "-lconnlib";
				PRODUCT_BUNDLE_IDENTIFIER = "$(inherited).debug.network-extension";
				PRODUCT_NAME = "$(TARGET_NAME)";
				PROVISIONING_PROFILE_SPECIFIER = "";
				"PROVISIONING_PROFILE_SPECIFIER[sdk=macosx*]" = "$(MACOS_NE_PROVISIONING_PROFILE_IDENTIFIER)";
				SDKROOT = macosx;
				SKIP_INSTALL = YES;
				SUPPORTED_PLATFORMS = macosx;
				SWIFT_EMIT_LOC_STRINGS = YES;
				SWIFT_OBJC_BRIDGING_HEADER = "FirezoneNetworkExtension/FirezoneNetworkExtension-Bridging-Header.h";
				SWIFT_OBJC_INTERFACE_HEADER_NAME = "";
				SWIFT_OPTIMIZATION_LEVEL = "-Onone";
				SWIFT_VERSION = 5.0;
				TVOS_DEPLOYMENT_TARGET = "";
				WATCHOS_DEPLOYMENT_TARGET = "";
			};
			name = Debug;
		};
		05CF1D0F290B1DCD00CF4755 /* Release */ = {
			isa = XCBuildConfiguration;
			buildSettings = {
				CLANG_ENABLE_MODULES = YES;
				CODE_SIGN_ENTITLEMENTS = FirezoneNetworkExtension/FirezoneNetworkExtension_macOS.entitlements;
				CODE_SIGN_IDENTITY = "$(inherited)";
				CODE_SIGN_STYLE = "$(inherited)";
				CURRENT_PROJECT_VERSION = 0;
				DEAD_CODE_STRIPPING = YES;
				DEVELOPMENT_TEAM = "$(inherited)";
				ENABLE_HARDENED_RUNTIME = YES;
				GENERATE_INFOPLIST_FILE = YES;
				INFOPLIST_FILE = FirezoneNetworkExtension/Info.plist;
				INFOPLIST_KEY_CFBundleDisplayName = FirezoneNetworkExtension;
				INFOPLIST_KEY_NSHumanReadableCopyright = "";
				IPHONEOS_DEPLOYMENT_TARGET = "";
				LD_RUNPATH_SEARCH_PATHS = (
					"$(inherited)",
					"@executable_path/../Frameworks",
					"@executable_path/../../../../Frameworks",
				);
				"LIBRARY_SEARCH_PATHS[arch=arm64]" = "$(CONNLIB_TARGET_DIR)/aarch64-apple-darwin/release";
				"LIBRARY_SEARCH_PATHS[arch=arm64e]" = "$(CONNLIB_TARGET_DIR)/aarch64-apple-darwin/release";
				"LIBRARY_SEARCH_PATHS[arch=x86_64]" = "$(CONNLIB_TARGET_DIR)/x86_64-apple-darwin/release";
				MARKETING_VERSION = 1.3.8;
				OTHER_LDFLAGS = "-lconnlib";
				PRODUCT_BUNDLE_IDENTIFIER = "$(inherited).network-extension";
				PRODUCT_NAME = "$(TARGET_NAME)";
				PROVISIONING_PROFILE_SPECIFIER = "";
				"PROVISIONING_PROFILE_SPECIFIER[sdk=macosx*]" = "$(MACOS_NE_PROVISIONING_PROFILE_IDENTIFIER)";
				SDKROOT = macosx;
				SKIP_INSTALL = YES;
				SUPPORTED_PLATFORMS = macosx;
				SWIFT_EMIT_LOC_STRINGS = YES;
				SWIFT_OBJC_BRIDGING_HEADER = "FirezoneNetworkExtension/FirezoneNetworkExtension-Bridging-Header.h";
				SWIFT_OBJC_INTERFACE_HEADER_NAME = "";
				SWIFT_VERSION = 5.0;
				TVOS_DEPLOYMENT_TARGET = "";
				WATCHOS_DEPLOYMENT_TARGET = "";
			};
			name = Release;
		};
		6FE454BE2A5BC5F3006549B1 /* Debug */ = {
			isa = XCBuildConfiguration;
			buildSettings = {
				CODE_SIGN_STYLE = Automatic;
				DEBUGGING_SYMBOLS = YES;
				DEBUG_INFORMATION_FORMAT = dwarf;
				GCC_GENERATE_DEBUGGING_SYMBOLS = YES;
				GCC_OPTIMIZATION_LEVEL = 0;
				OTHER_CFLAGS = "";
				OTHER_LDFLAGS = "";
				PRODUCT_NAME = "$(TARGET_NAME)";
			};
			name = Debug;
		};
		6FE454BF2A5BC5F3006549B1 /* Release */ = {
			isa = XCBuildConfiguration;
			buildSettings = {
				CODE_SIGN_STYLE = Automatic;
				DEBUG_INFORMATION_FORMAT = "dwarf-with-dsym";
				OTHER_CFLAGS = "";
				OTHER_LDFLAGS = "";
				PRODUCT_NAME = "$(TARGET_NAME)";
			};
			name = Release;
		};
		8DCC024128D512AE007E12D2 /* Debug */ = {
			isa = XCBuildConfiguration;
			baseConfigurationReference = 8DDD0E8B2ADC6657001FA7E9 /* config.xcconfig */;
			buildSettings = {
				ALWAYS_SEARCH_USER_PATHS = NO;
				CLANG_ANALYZER_NONNULL = YES;
				CLANG_ANALYZER_NUMBER_OBJECT_CONVERSION = YES_AGGRESSIVE;
				CLANG_CXX_LANGUAGE_STANDARD = "gnu++20";
				CLANG_ENABLE_MODULES = YES;
				CLANG_ENABLE_OBJC_ARC = YES;
				CLANG_ENABLE_OBJC_WEAK = YES;
				CLANG_WARN_BLOCK_CAPTURE_AUTORELEASING = YES;
				CLANG_WARN_BOOL_CONVERSION = YES;
				CLANG_WARN_COMMA = YES;
				CLANG_WARN_CONSTANT_CONVERSION = YES;
				CLANG_WARN_DEPRECATED_OBJC_IMPLEMENTATIONS = YES;
				CLANG_WARN_DIRECT_OBJC_ISA_USAGE = YES_ERROR;
				CLANG_WARN_DOCUMENTATION_COMMENTS = YES;
				CLANG_WARN_EMPTY_BODY = YES;
				CLANG_WARN_ENUM_CONVERSION = YES;
				CLANG_WARN_INFINITE_RECURSION = YES;
				CLANG_WARN_INT_CONVERSION = YES;
				CLANG_WARN_NON_LITERAL_NULL_CONVERSION = YES;
				CLANG_WARN_OBJC_IMPLICIT_RETAIN_SELF = YES;
				CLANG_WARN_OBJC_LITERAL_CONVERSION = YES;
				CLANG_WARN_OBJC_ROOT_CLASS = YES_ERROR;
				CLANG_WARN_QUOTED_INCLUDE_IN_FRAMEWORK_HEADER = YES;
				CLANG_WARN_RANGE_LOOP_ANALYSIS = YES;
				CLANG_WARN_STRICT_PROTOTYPES = YES;
				CLANG_WARN_SUSPICIOUS_MOVE = YES;
				CLANG_WARN_UNGUARDED_AVAILABILITY = YES_AGGRESSIVE;
				CLANG_WARN_UNREACHABLE_CODE = YES;
				CLANG_WARN__DUPLICATE_METHOD_MATCH = YES;
				CONNLIB_SOURCE_DIR = "$(PROJECT_DIR)/../../rust/connlib/clients/apple";
				CONNLIB_TARGET_DIR = "$(PROJECT_DIR)/../../rust/target";
				COPY_PHASE_STRIP = NO;
				DEAD_CODE_STRIPPING = YES;
				DEBUG_INFORMATION_FORMAT = dwarf;
				ENABLE_STRICT_OBJC_MSGSEND = YES;
				ENABLE_TESTABILITY = YES;
				GCC_C_LANGUAGE_STANDARD = gnu11;
				GCC_DYNAMIC_NO_PIC = NO;
				GCC_NO_COMMON_BLOCKS = YES;
				GCC_OPTIMIZATION_LEVEL = 0;
				GCC_PREPROCESSOR_DEFINITIONS = (
					"DEBUG=1",
					"$(inherited)",
				);
				GCC_WARN_64_TO_32_BIT_CONVERSION = YES;
				GCC_WARN_ABOUT_RETURN_TYPE = YES_ERROR;
				GCC_WARN_UNDECLARED_SELECTOR = YES;
				GCC_WARN_UNINITIALIZED_AUTOS = YES_AGGRESSIVE;
				GCC_WARN_UNUSED_FUNCTION = YES;
				GCC_WARN_UNUSED_VARIABLE = YES;
				IPHONEOS_DEPLOYMENT_TARGET = 15.0;
				MACOSX_DEPLOYMENT_TARGET = 12.0;
				MTL_ENABLE_DEBUG_INFO = INCLUDE_SOURCE;
				MTL_FAST_MATH = YES;
				ONLY_ACTIVE_ARCH = YES;
				SUPPORTED_PLATFORMS = "macosx iphoneos";
				SWIFT_ACTIVE_COMPILATION_CONDITIONS = DEBUG;
				SWIFT_OPTIMIZATION_LEVEL = "-Onone";
			};
			name = Debug;
		};
		8DCC024228D512AE007E12D2 /* Release */ = {
			isa = XCBuildConfiguration;
			baseConfigurationReference = 8DDD0E8B2ADC6657001FA7E9 /* config.xcconfig */;
			buildSettings = {
				ALWAYS_SEARCH_USER_PATHS = NO;
				CLANG_ANALYZER_NONNULL = YES;
				CLANG_ANALYZER_NUMBER_OBJECT_CONVERSION = YES_AGGRESSIVE;
				CLANG_CXX_LANGUAGE_STANDARD = "gnu++20";
				CLANG_ENABLE_MODULES = YES;
				CLANG_ENABLE_OBJC_ARC = YES;
				CLANG_ENABLE_OBJC_WEAK = YES;
				CLANG_WARN_BLOCK_CAPTURE_AUTORELEASING = YES;
				CLANG_WARN_BOOL_CONVERSION = YES;
				CLANG_WARN_COMMA = YES;
				CLANG_WARN_CONSTANT_CONVERSION = YES;
				CLANG_WARN_DEPRECATED_OBJC_IMPLEMENTATIONS = YES;
				CLANG_WARN_DIRECT_OBJC_ISA_USAGE = YES_ERROR;
				CLANG_WARN_DOCUMENTATION_COMMENTS = YES;
				CLANG_WARN_EMPTY_BODY = YES;
				CLANG_WARN_ENUM_CONVERSION = YES;
				CLANG_WARN_INFINITE_RECURSION = YES;
				CLANG_WARN_INT_CONVERSION = YES;
				CLANG_WARN_NON_LITERAL_NULL_CONVERSION = YES;
				CLANG_WARN_OBJC_IMPLICIT_RETAIN_SELF = YES;
				CLANG_WARN_OBJC_LITERAL_CONVERSION = YES;
				CLANG_WARN_OBJC_ROOT_CLASS = YES_ERROR;
				CLANG_WARN_QUOTED_INCLUDE_IN_FRAMEWORK_HEADER = YES;
				CLANG_WARN_RANGE_LOOP_ANALYSIS = YES;
				CLANG_WARN_STRICT_PROTOTYPES = YES;
				CLANG_WARN_SUSPICIOUS_MOVE = YES;
				CLANG_WARN_UNGUARDED_AVAILABILITY = YES_AGGRESSIVE;
				CLANG_WARN_UNREACHABLE_CODE = YES;
				CLANG_WARN__DUPLICATE_METHOD_MATCH = YES;
				CONNLIB_SOURCE_DIR = "$(PROJECT_DIR)/../../rust/connlib/clients/apple";
				CONNLIB_TARGET_DIR = "$(PROJECT_DIR)/../../rust/target";
				COPY_PHASE_STRIP = NO;
				DEAD_CODE_STRIPPING = YES;
				DEBUG_INFORMATION_FORMAT = "dwarf-with-dsym";
				ENABLE_NS_ASSERTIONS = NO;
				ENABLE_STRICT_OBJC_MSGSEND = YES;
				GCC_C_LANGUAGE_STANDARD = gnu11;
				GCC_NO_COMMON_BLOCKS = YES;
				GCC_WARN_64_TO_32_BIT_CONVERSION = YES;
				GCC_WARN_ABOUT_RETURN_TYPE = YES_ERROR;
				GCC_WARN_UNDECLARED_SELECTOR = YES;
				GCC_WARN_UNINITIALIZED_AUTOS = YES_AGGRESSIVE;
				GCC_WARN_UNUSED_FUNCTION = YES;
				GCC_WARN_UNUSED_VARIABLE = YES;
				IPHONEOS_DEPLOYMENT_TARGET = 15.0;
				MACOSX_DEPLOYMENT_TARGET = 12.0;
				MTL_ENABLE_DEBUG_INFO = NO;
				MTL_FAST_MATH = YES;
				SUPPORTED_PLATFORMS = "macosx iphoneos";
				SWIFT_COMPILATION_MODE = wholemodule;
				SWIFT_OPTIMIZATION_LEVEL = "-O";
			};
			name = Release;
		};
		8DCC024428D512AE007E12D2 /* Debug */ = {
			isa = XCBuildConfiguration;
			buildSettings = {
				ALWAYS_EMBED_SWIFT_STANDARD_LIBRARIES = YES;
				ASSETCATALOG_COMPILER_APPICON_NAME = AppIcon;
				ASSETCATALOG_COMPILER_GLOBAL_ACCENT_COLOR_NAME = AccentColor;
				CLANG_ENABLE_MODULES = YES;
				CODE_SIGN_ENTITLEMENTS = Firezone/Firezone.entitlements;
				CODE_SIGN_IDENTITY = "$(inherited)";
				CODE_SIGN_STYLE = "$(inherited)";
				CURRENT_PROJECT_VERSION = 0;
				DEAD_CODE_STRIPPING = YES;
				DEVELOPMENT_TEAM = "$(inherited)";
				ENABLE_HARDENED_RUNTIME = YES;
				ENABLE_PREVIEWS = YES;
				GENERATE_INFOPLIST_FILE = YES;
				INFOPLIST_FILE = Firezone/Info.plist;
				INFOPLIST_KEY_CFBundleDisplayName = Firezone;
				INFOPLIST_KEY_LSApplicationCategoryType = "public.app-category.utilities";
				INFOPLIST_KEY_LSUIElement = YES;
				"INFOPLIST_KEY_UIApplicationSceneManifest_Generation[sdk=iphoneos*]" = YES;
				"INFOPLIST_KEY_UIApplicationSupportsIndirectInputEvents[sdk=iphoneos*]" = YES;
				"INFOPLIST_KEY_UILaunchScreen_Generation[sdk=iphoneos*]" = YES;
				"INFOPLIST_KEY_UIStatusBarStyle[sdk=iphoneos*]" = UIStatusBarStyleDefault;
				INFOPLIST_KEY_UISupportedInterfaceOrientations_iPad = "UIInterfaceOrientationPortrait UIInterfaceOrientationPortraitUpsideDown UIInterfaceOrientationLandscapeLeft UIInterfaceOrientationLandscapeRight";
				INFOPLIST_KEY_UISupportedInterfaceOrientations_iPhone = "UIInterfaceOrientationPortrait UIInterfaceOrientationLandscapeLeft UIInterfaceOrientationLandscapeRight";
				LD_RUNPATH_SEARCH_PATHS = "@executable_path/Frameworks";
				"LD_RUNPATH_SEARCH_PATHS[sdk=macosx*]" = "@executable_path/../Frameworks";
				MARKETING_VERSION = 1.3.8;
				OTHER_LDFLAGS = "";
				PRODUCT_BUNDLE_IDENTIFIER = "$(inherited)";
				PRODUCT_NAME = "$(TARGET_NAME)";
				PROVISIONING_PROFILE_SPECIFIER = "";
				"PROVISIONING_PROFILE_SPECIFIER[sdk=iphoneos*]" = "$(IOS_APP_PROVISIONING_PROFILE_IDENTIFIER)";
				"PROVISIONING_PROFILE_SPECIFIER[sdk=macosx*]" = "$(MACOS_APP_PROVISIONING_PROFILE_IDENTIFIER)";
				SDKROOT = auto;
				SUPPORTED_PLATFORMS = "iphoneos macosx";
				SWIFT_EMIT_LOC_STRINGS = YES;
				SWIFT_INSTALL_MODULE = YES;
				SWIFT_INSTALL_OBJC_HEADER = NO;
				SWIFT_OBJC_INTERFACE_HEADER_NAME = "";
				SWIFT_OPTIMIZATION_LEVEL = "-Onone";
				SWIFT_VERSION = 5.0;
				TARGETED_DEVICE_FAMILY = "1,2";
				TVOS_DEPLOYMENT_TARGET = "";
				WATCHOS_DEPLOYMENT_TARGET = "";
			};
			name = Debug;
		};
		8DCC024528D512AE007E12D2 /* Release */ = {
			isa = XCBuildConfiguration;
			buildSettings = {
				ALWAYS_EMBED_SWIFT_STANDARD_LIBRARIES = YES;
				ASSETCATALOG_COMPILER_APPICON_NAME = AppIcon;
				ASSETCATALOG_COMPILER_GLOBAL_ACCENT_COLOR_NAME = AccentColor;
				CLANG_ENABLE_MODULES = YES;
				CODE_SIGN_ENTITLEMENTS = Firezone/Firezone.entitlements;
				CODE_SIGN_IDENTITY = "$(inherited)";
				CODE_SIGN_STYLE = "$(inherited)";
				CURRENT_PROJECT_VERSION = 0;
				DEAD_CODE_STRIPPING = YES;
				DEFINES_MODULE = NO;
				DEVELOPMENT_ASSET_PATHS = "\"Firezone/Preview Content\"";
				DEVELOPMENT_TEAM = "$(inherited)";
				ENABLE_HARDENED_RUNTIME = YES;
				ENABLE_PREVIEWS = YES;
				GENERATE_INFOPLIST_FILE = YES;
				INFOPLIST_FILE = Firezone/Info.plist;
				INFOPLIST_KEY_CFBundleDisplayName = Firezone;
				INFOPLIST_KEY_LSApplicationCategoryType = "public.app-category.utilities";
				INFOPLIST_KEY_LSUIElement = YES;
				"INFOPLIST_KEY_UIApplicationSceneManifest_Generation[sdk=iphoneos*]" = YES;
				"INFOPLIST_KEY_UIApplicationSupportsIndirectInputEvents[sdk=iphoneos*]" = YES;
				"INFOPLIST_KEY_UILaunchScreen_Generation[sdk=iphoneos*]" = YES;
				"INFOPLIST_KEY_UIStatusBarStyle[sdk=iphoneos*]" = UIStatusBarStyleDefault;
				INFOPLIST_KEY_UISupportedInterfaceOrientations_iPad = "UIInterfaceOrientationPortrait UIInterfaceOrientationPortraitUpsideDown UIInterfaceOrientationLandscapeLeft UIInterfaceOrientationLandscapeRight";
				INFOPLIST_KEY_UISupportedInterfaceOrientations_iPhone = "UIInterfaceOrientationPortrait UIInterfaceOrientationLandscapeLeft UIInterfaceOrientationLandscapeRight";
				LD_RUNPATH_SEARCH_PATHS = "@executable_path/Frameworks";
				"LD_RUNPATH_SEARCH_PATHS[sdk=macosx*]" = "@executable_path/../Frameworks";
				MARKETING_VERSION = 1.3.8;
				PRODUCT_BUNDLE_IDENTIFIER = "$(inherited)";
				PRODUCT_MODULE_NAME = "$(PRODUCT_NAME:c99extidentifier)";
				PRODUCT_NAME = "$(TARGET_NAME)";
				PROVISIONING_PROFILE_SPECIFIER = "";
				"PROVISIONING_PROFILE_SPECIFIER[sdk=iphoneos*]" = "$(IOS_APP_PROVISIONING_PROFILE_IDENTIFIER)";
				"PROVISIONING_PROFILE_SPECIFIER[sdk=macosx*]" = "$(MACOS_APP_PROVISIONING_PROFILE_IDENTIFIER)";
				SDKROOT = auto;
				SUPPORTED_PLATFORMS = "iphoneos macosx";
				SWIFT_EMIT_LOC_STRINGS = YES;
				SWIFT_INSTALL_MODULE = NO;
				SWIFT_INSTALL_OBJC_HEADER = NO;
				SWIFT_OBJC_INTERFACE_HEADER_NAME = "";
				SWIFT_VERSION = 5.0;
				TARGETED_DEVICE_FAMILY = "1,2";
				TVOS_DEPLOYMENT_TARGET = "";
				WATCHOS_DEPLOYMENT_TARGET = "";
			};
			name = Release;
		};
/* End XCBuildConfiguration section */

/* Begin XCConfigurationList section */
		05CF1CFA290B1CEE00CF4755 /* Build configuration list for PBXNativeTarget "FirezoneNetworkExtensioniOS" */ = {
			isa = XCConfigurationList;
			buildConfigurations = (
				05CF1CFB290B1CEE00CF4755 /* Debug */,
				05CF1CFC290B1CEE00CF4755 /* Release */,
			);
			defaultConfigurationIsVisible = 0;
			defaultConfigurationName = Release;
		};
		05CF1D0D290B1DCD00CF4755 /* Build configuration list for PBXNativeTarget "FirezoneNetworkExtensionmacOS" */ = {
			isa = XCConfigurationList;
			buildConfigurations = (
				05CF1D0E290B1DCD00CF4755 /* Debug */,
				05CF1D0F290B1DCD00CF4755 /* Release */,
			);
			defaultConfigurationIsVisible = 0;
			defaultConfigurationName = Release;
		};
		6FE454BD2A5BC5F3006549B1 /* Build configuration list for PBXLegacyTarget "Build Connlib" */ = {
			isa = XCConfigurationList;
			buildConfigurations = (
				6FE454BE2A5BC5F3006549B1 /* Debug */,
				6FE454BF2A5BC5F3006549B1 /* Release */,
			);
			defaultConfigurationIsVisible = 0;
			defaultConfigurationName = Release;
		};
		8DCC021428D512AC007E12D2 /* Build configuration list for PBXProject "Firezone" */ = {
			isa = XCConfigurationList;
			buildConfigurations = (
				8DCC024128D512AE007E12D2 /* Debug */,
				8DCC024228D512AE007E12D2 /* Release */,
			);
			defaultConfigurationIsVisible = 0;
			defaultConfigurationName = Release;
		};
		8DCC024328D512AE007E12D2 /* Build configuration list for PBXNativeTarget "Firezone" */ = {
			isa = XCConfigurationList;
			buildConfigurations = (
				8DCC024428D512AE007E12D2 /* Debug */,
				8DCC024528D512AE007E12D2 /* Release */,
			);
			defaultConfigurationIsVisible = 0;
			defaultConfigurationName = Release;
		};
/* End XCConfigurationList section */

/* Begin XCSwiftPackageProductDependency section */
		794C38142970A2660029F38F /* FirezoneKit */ = {
			isa = XCSwiftPackageProductDependency;
			productName = FirezoneKit;
		};
		794C38162970A26A0029F38F /* FirezoneKit */ = {
			isa = XCSwiftPackageProductDependency;
			productName = FirezoneKit;
		};
		79756C6529704A7A0018E2D5 /* FirezoneKit */ = {
			isa = XCSwiftPackageProductDependency;
			productName = FirezoneKit;
		};
/* End XCSwiftPackageProductDependency section */
	};
	rootObject = 8DCC021128D512AC007E12D2 /* Project object */;
}
