# @generated - this file is auto-generated by `mise lock` https://mise.jdx.dev/dev-tools/mise-lock.html

[[tools."cargo:cargo-binstall"]]
version = "1.17.4"
backend = "cargo:cargo-binstall"

[[tools."cargo:cargo-deny"]]
version = "0.19.0"
backend = "cargo:cargo-deny"

[[tools."cargo:cargo-sort"]]
version = "2.0.2"
backend = "cargo:cargo-sort"

[[tools."cargo:cargo-udeps"]]
version = "0.1.60"
backend = "cargo:cargo-udeps"

[[tools.node]]
version = "24.13.0"
backend = "core:node"

[tools.node."platforms.linux-arm64"]
checksum = "sha256:0f6d40b94c6a2eb6b4c240ffc8b9fd3ada7ab044c177dd413c06e1ef9a63f081"
url = "https://nodejs.org/dist/v24.13.0/node-v24.13.0-linux-arm64.tar.gz"

[tools.node."platforms.linux-arm64-musl"]
checksum = "sha256:0f6d40b94c6a2eb6b4c240ffc8b9fd3ada7ab044c177dd413c06e1ef9a63f081"
url = "https://nodejs.org/dist/v24.13.0/node-v24.13.0-linux-arm64.tar.gz"

[tools.node."platforms.linux-x64"]
checksum = "sha256:6223aad1a81f9d1e7b682c59d12e2de233f7b4c37475cd40d1c89c42b737ffa8"
url = "https://nodejs.org/dist/v24.13.0/node-v24.13.0-linux-x64.tar.gz"

[tools.node."platforms.linux-x64-musl"]
checksum = "sha256:6223aad1a81f9d1e7b682c59d12e2de233f7b4c37475cd40d1c89c42b737ffa8"
url = "https://nodejs.org/dist/v24.13.0/node-v24.13.0-linux-x64.tar.gz"

[tools.node."platforms.macos-arm64"]
checksum = "sha256:d595961e563fcae057d4a0fb992f175a54d97fcc4a14dc2d474d92ddeea3b9f8"
url = "https://nodejs.org/dist/v24.13.0/node-v24.13.0-darwin-arm64.tar.gz"

[tools.node."platforms.macos-x64"]
checksum = "sha256:6f03c1b48ddbe1b129a6f8038be08e0899f05f17185b4d3e4350180ab669a7f3"
url = "https://nodejs.org/dist/v24.13.0/node-v24.13.0-darwin-x64.tar.gz"

[tools.node."platforms.windows-x64"]
checksum = "sha256:ca2742695be8de44027d71b3f53a4bdb36009b95575fe1ae6f7f0b5ce091cb88"
url = "https://nodejs.org/dist/v24.13.0/node-v24.13.0-win-x64.zip"

[[tools.pnpm]]
version = "10.18.3"
backend = "aqua:pnpm/pnpm"

[tools.pnpm."platforms.linux-arm64"]
checksum = "sha256:4af25f6d19c7e1aad4f0d1ca14844b65c9fb45d93d4ef37fb61cac903b477de0"
url = "https://github.com/pnpm/pnpm/releases/download/v10.18.3/pnpm-linux-arm64"

[tools.pnpm."platforms.linux-arm64-musl"]
checksum = "sha256:4af25f6d19c7e1aad4f0d1ca14844b65c9fb45d93d4ef37fb61cac903b477de0"
url = "https://github.com/pnpm/pnpm/releases/download/v10.18.3/pnpm-linux-arm64"

[tools.pnpm."platforms.linux-x64"]
checksum = "sha256:042fdc373cccacbc9a305c7578bd13862512760bc7ed47c0edc1e3bd7bdc35e1"
url = "https://github.com/pnpm/pnpm/releases/download/v10.18.3/pnpm-linux-x64"

[tools.pnpm."platforms.linux-x64-musl"]
checksum = "sha256:042fdc373cccacbc9a305c7578bd13862512760bc7ed47c0edc1e3bd7bdc35e1"
url = "https://github.com/pnpm/pnpm/releases/download/v10.18.3/pnpm-linux-x64"

[tools.pnpm."platforms.macos-arm64"]
checksum = "sha256:7cf378c3a55d2aa3734007e4fdce5252291a4f1315966b0a996cffcff6aa2a74"
url = "https://github.com/pnpm/pnpm/releases/download/v10.18.3/pnpm-macos-arm64"

[tools.pnpm."platforms.macos-x64"]
checksum = "sha256:fd9380941b1eac83b6e6a8660e9ca341eb8bc5a294c26d510e356c7bdf51a255"
url = "https://github.com/pnpm/pnpm/releases/download/v10.18.3/pnpm-macos-x64"

[tools.pnpm."platforms.windows-x64"]
checksum = "sha256:8a525ed3a9ec7c9d29da13943c0ae20ee110fc237e82f67029e5a5be985eb2d3"
url = "https://github.com/pnpm/pnpm/releases/download/v10.18.3/pnpm-win-x64.exe"
