# @generated - this file is auto-generated by `mise lock` https://mise.en.dev/dev-tools/mise-lock.html

[[tools."github:DevinR528/cargo-sort"]]
version = "2.1.4"
backend = "github:DevinR528/cargo-sort"

[tools."github:DevinR528/cargo-sort"."platforms.linux-x64"]
checksum = "sha256:c10fdf954e51221d63743884aaf6ee5d576464abdc4965b395e3ec26948072ee"
url = "https://github.com/DevinR528/cargo-sort/releases/download/v2.1.4/cargo-sort-x86_64-unknown-linux-gnu.tar.gz"
url_api = "https://api.github.com/repos/DevinR528/cargo-sort/releases/assets/405268442"

[tools."github:DevinR528/cargo-sort"."platforms.linux-x64-musl"]
checksum = "sha256:c10fdf954e51221d63743884aaf6ee5d576464abdc4965b395e3ec26948072ee"
url = "https://github.com/DevinR528/cargo-sort/releases/download/v2.1.4/cargo-sort-x86_64-unknown-linux-gnu.tar.gz"
url_api = "https://api.github.com/repos/DevinR528/cargo-sort/releases/assets/405268442"

[tools."github:DevinR528/cargo-sort"."platforms.macos-arm64"]
checksum = "sha256:d2091a14be8482d8771ac379ef46a9501d678cee000a5e855490009fad3a65a3"
url = "https://github.com/DevinR528/cargo-sort/releases/download/v2.1.4/cargo-sort-aarch64-apple-darwin.tar.gz"
url_api = "https://api.github.com/repos/DevinR528/cargo-sort/releases/assets/405268421"

[tools."github:DevinR528/cargo-sort"."platforms.windows-x64"]
checksum = "sha256:0c59ef2433e523e060909cdfa678969eaa81a44fdc4313cb5a1a9592e8ded2b3"
url = "https://github.com/DevinR528/cargo-sort/releases/download/v2.1.4/cargo-sort-x86_64-pc-windows-msvc.zip"
url_api = "https://api.github.com/repos/DevinR528/cargo-sort/releases/assets/405268766"

[[tools."github:EmbarkStudios/cargo-deny"]]
version = "0.19.4"
backend = "github:EmbarkStudios/cargo-deny"

[tools."github:EmbarkStudios/cargo-deny"."platforms.linux-arm64"]
checksum = "sha256:c32ded194b38b48e0b44a838a0d85c856120801e1253fc7febf6f2e48ccb84d8"
url = "https://github.com/EmbarkStudios/cargo-deny/releases/download/0.19.4/cargo-deny-0.19.4-aarch64-unknown-linux-musl.tar.gz"
url_api = "https://api.github.com/repos/EmbarkStudios/cargo-deny/releases/assets/396997007"

[tools."github:EmbarkStudios/cargo-deny"."platforms.linux-arm64-musl"]
checksum = "sha256:c32ded194b38b48e0b44a838a0d85c856120801e1253fc7febf6f2e48ccb84d8"
url = "https://github.com/EmbarkStudios/cargo-deny/releases/download/0.19.4/cargo-deny-0.19.4-aarch64-unknown-linux-musl.tar.gz"
url_api = "https://api.github.com/repos/EmbarkStudios/cargo-deny/releases/assets/396997007"

[tools."github:EmbarkStudios/cargo-deny"."platforms.linux-x64"]
checksum = "sha256:3bd58b784e83715b86ddbc9deac591890372ec77fda5741bb0826970b958506f"
url = "https://github.com/EmbarkStudios/cargo-deny/releases/download/0.19.4/cargo-deny-0.19.4-x86_64-unknown-linux-musl.tar.gz"
url_api = "https://api.github.com/repos/EmbarkStudios/cargo-deny/releases/assets/396996900"

[tools."github:EmbarkStudios/cargo-deny"."platforms.linux-x64-musl"]
checksum = "sha256:3bd58b784e83715b86ddbc9deac591890372ec77fda5741bb0826970b958506f"
url = "https://github.com/EmbarkStudios/cargo-deny/releases/download/0.19.4/cargo-deny-0.19.4-x86_64-unknown-linux-musl.tar.gz"
url_api = "https://api.github.com/repos/EmbarkStudios/cargo-deny/releases/assets/396996900"

[tools."github:EmbarkStudios/cargo-deny"."platforms.macos-arm64"]
checksum = "sha256:2437a51d904b29abe2d3aa9ea87e353c86cff108d519ba1e5fb495bb28e7fbaf"
url = "https://github.com/EmbarkStudios/cargo-deny/releases/download/0.19.4/cargo-deny-0.19.4-aarch64-apple-darwin.tar.gz"
url_api = "https://api.github.com/repos/EmbarkStudios/cargo-deny/releases/assets/396996898"

[tools."github:EmbarkStudios/cargo-deny"."platforms.macos-x64"]
checksum = "sha256:90fb22528daae11d0ce68cd968ea1f8e4d852b33510d0243d8c6666fc1dbea16"
url = "https://github.com/EmbarkStudios/cargo-deny/releases/download/0.19.4/cargo-deny-0.19.4-x86_64-apple-darwin.tar.gz"
url_api = "https://api.github.com/repos/EmbarkStudios/cargo-deny/releases/assets/396996891"

[tools."github:EmbarkStudios/cargo-deny"."platforms.windows-x64"]
checksum = "sha256:410b2f2bcb4d802dd8b018939156617ca290ac06554e95c35ab0a2bd07be2298"
url = "https://github.com/EmbarkStudios/cargo-deny/releases/download/0.19.4/cargo-deny-0.19.4-x86_64-pc-windows-msvc.tar.gz"
url_api = "https://api.github.com/repos/EmbarkStudios/cargo-deny/releases/assets/396997478"

[[tools."github:aya-rs/bpf-linker"]]
version = "0.10.3"
backend = "github:aya-rs/bpf-linker"

[tools."github:aya-rs/bpf-linker"."platforms.linux-arm64"]
checksum = "sha256:02f71967eddf61229fd0ae39736bfcaa00b27872df5af868b025f578371204d1"
url = "https://github.com/aya-rs/bpf-linker/releases/download/v0.10.3/bpf-linker-aarch64-unknown-linux-musl.tar.gz"
url_api = "https://api.github.com/repos/aya-rs/bpf-linker/releases/assets/395525950"

[tools."github:aya-rs/bpf-linker"."platforms.linux-arm64-musl"]
checksum = "sha256:02f71967eddf61229fd0ae39736bfcaa00b27872df5af868b025f578371204d1"
url = "https://github.com/aya-rs/bpf-linker/releases/download/v0.10.3/bpf-linker-aarch64-unknown-linux-musl.tar.gz"
url_api = "https://api.github.com/repos/aya-rs/bpf-linker/releases/assets/395525950"

[tools."github:aya-rs/bpf-linker"."platforms.linux-x64"]
checksum = "sha256:0fa4645d2dfbb5cafe6231b0aa9fad4f1430bd0871e3bd7319e82d827bf6262c"
url = "https://github.com/aya-rs/bpf-linker/releases/download/v0.10.3/bpf-linker-x86_64-unknown-linux-musl.tar.gz"
url_api = "https://api.github.com/repos/aya-rs/bpf-linker/releases/assets/395525972"

[tools."github:aya-rs/bpf-linker"."platforms.linux-x64-musl"]
checksum = "sha256:0fa4645d2dfbb5cafe6231b0aa9fad4f1430bd0871e3bd7319e82d827bf6262c"
url = "https://github.com/aya-rs/bpf-linker/releases/download/v0.10.3/bpf-linker-x86_64-unknown-linux-musl.tar.gz"
url_api = "https://api.github.com/repos/aya-rs/bpf-linker/releases/assets/395525972"

[tools."github:aya-rs/bpf-linker"."platforms.macos-arm64"]
checksum = "sha256:983f86e20f5353c9645e6ee314dcd897133c613315b57b00c7e75ddb507ee6a3"
url = "https://github.com/aya-rs/bpf-linker/releases/download/v0.10.3/bpf-linker-aarch64-apple-darwin.tar.gz"
url_api = "https://api.github.com/repos/aya-rs/bpf-linker/releases/assets/395525317"

[tools."github:aya-rs/bpf-linker"."platforms.macos-x64"]
checksum = "sha256:8dbea75f14d96e84a5fe7ce6120627e3c3511a49c406e76c14d187dc191ca528"
url = "https://github.com/aya-rs/bpf-linker/releases/download/v0.10.3/bpf-linker-x86_64-apple-darwin.tar.gz"
url_api = "https://api.github.com/repos/aya-rs/bpf-linker/releases/assets/395527257"

[[tools."github:cargo-bins/cargo-binstall"]]
version = "1.18.1"
backend = "github:cargo-bins/cargo-binstall"

[tools."github:cargo-bins/cargo-binstall"."platforms.linux-arm64"]
checksum = "sha256:f6ec6ac6e5782327863bcaa1b0acdd0ad81caee05c79b0074549829c41ffd52e"
url = "https://github.com/cargo-bins/cargo-binstall/releases/download/v1.18.1/cargo-binstall-aarch64-unknown-linux-gnu.tgz"
url_api = "https://api.github.com/repos/cargo-bins/cargo-binstall/releases/assets/395392671"

[tools."github:cargo-bins/cargo-binstall"."platforms.linux-arm64-musl"]
checksum = "sha256:c55962a0115f9716b709216de7f8bdd59d6ba8738779e60b051b4593f677717a"
url = "https://github.com/cargo-bins/cargo-binstall/releases/download/v1.18.1/cargo-binstall-aarch64-unknown-linux-musl.tgz"
url_api = "https://api.github.com/repos/cargo-bins/cargo-binstall/releases/assets/395392646"

[tools."github:cargo-bins/cargo-binstall"."platforms.linux-x64"]
checksum = "sha256:6cfb065d6a5ee29dea185e9878d1e055357744ec1339987ca34d6f86853d537a"
url = "https://github.com/cargo-bins/cargo-binstall/releases/download/v1.18.1/cargo-binstall-x86_64-unknown-linux-gnu.tgz"
url_api = "https://api.github.com/repos/cargo-bins/cargo-binstall/releases/assets/395392385"

[tools."github:cargo-bins/cargo-binstall"."platforms.linux-x64-musl"]
checksum = "sha256:cf2a4b54494ea8555d6349685e9a301efc1051d9fba6308c76914b2486f8700f"
url = "https://github.com/cargo-bins/cargo-binstall/releases/download/v1.18.1/cargo-binstall-x86_64-unknown-linux-musl.tgz"
url_api = "https://api.github.com/repos/cargo-bins/cargo-binstall/releases/assets/395392355"

[tools."github:cargo-bins/cargo-binstall"."platforms.macos-arm64"]
checksum = "sha256:955abf167994c90f3547e233edace4c0f794465dd4aa408249b38999aa5ca3cf"
url = "https://github.com/cargo-bins/cargo-binstall/releases/download/v1.18.1/cargo-binstall-aarch64-apple-darwin.zip"
url_api = "https://api.github.com/repos/cargo-bins/cargo-binstall/releases/assets/395392739"

[tools."github:cargo-bins/cargo-binstall"."platforms.macos-x64"]
checksum = "sha256:e06370bec7143668653bb7c09d0b8b689fc703dd4fa58ec5847c4b571d8a490d"
url = "https://github.com/cargo-bins/cargo-binstall/releases/download/v1.18.1/cargo-binstall-x86_64-apple-darwin.zip"
url_api = "https://api.github.com/repos/cargo-bins/cargo-binstall/releases/assets/395392447"

[tools."github:cargo-bins/cargo-binstall"."platforms.windows-x64"]
checksum = "sha256:89706aa5215c164d8d091597a470fee72308ac87e8553af395ea77db844a888c"
url = "https://github.com/cargo-bins/cargo-binstall/releases/download/v1.18.1/cargo-binstall-x86_64-pc-windows-msvc.zip"
url_api = "https://api.github.com/repos/cargo-bins/cargo-binstall/releases/assets/395392416"

[[tools."github:est31/cargo-udeps"]]
version = "0.1.61"
backend = "github:est31/cargo-udeps"

[tools."github:est31/cargo-udeps"."platforms.linux-arm64"]
checksum = "sha256:e59b967cfd4ee60fda5bc615f96e6702fde22641282decce662a6ba4e6d4b843"
url = "https://github.com/est31/cargo-udeps/releases/download/v0.1.61/cargo-udeps-v0.1.61-aarch64-unknown-linux-gnu.tar.gz"
url_api = "https://api.github.com/repos/est31/cargo-udeps/releases/assets/407801768"

[tools."github:est31/cargo-udeps"."platforms.linux-arm64-musl"]
checksum = "sha256:d257553c03b36d2ee7e8028d622c80b1244fc512fabb2de058c1e0ceeb92169b"
url = "https://github.com/est31/cargo-udeps/releases/download/v0.1.61/cargo-udeps-v0.1.61-aarch64-unknown-linux-musl.tar.gz"
url_api = "https://api.github.com/repos/est31/cargo-udeps/releases/assets/407801801"

[tools."github:est31/cargo-udeps"."platforms.linux-x64"]
checksum = "sha256:458419d47f48bc177e9b895b06abdccb08613f8a2d1b6eaf1729e968c041e03b"
url = "https://github.com/est31/cargo-udeps/releases/download/v0.1.61/cargo-udeps-v0.1.61-x86_64-unknown-linux-gnu.tar.gz"
url_api = "https://api.github.com/repos/est31/cargo-udeps/releases/assets/407801002"

[tools."github:est31/cargo-udeps"."platforms.linux-x64-musl"]
checksum = "sha256:27031ca3902390a1d793901d17ec073ac85297ab3477b13faea984e4c97de479"
url = "https://github.com/est31/cargo-udeps/releases/download/v0.1.61/cargo-udeps-v0.1.61-x86_64-unknown-linux-musl.tar.gz"
url_api = "https://api.github.com/repos/est31/cargo-udeps/releases/assets/407802602"

[tools."github:est31/cargo-udeps"."platforms.macos-arm64"]
checksum = "sha256:0ca49f226c268ff3f7d65e82dd471900b962e4dcb3e75793558e5f4287be2011"
url = "https://github.com/est31/cargo-udeps/releases/download/v0.1.61/cargo-udeps-v0.1.61-aarch64-apple-darwin.tar.gz"
url_api = "https://api.github.com/repos/est31/cargo-udeps/releases/assets/407800985"

[tools."github:est31/cargo-udeps"."platforms.macos-x64"]
checksum = "sha256:0840c47e3ac640db8cf1ac9136c7a133eff68f07753a8a450363b95124d0ee34"
url = "https://github.com/est31/cargo-udeps/releases/download/v0.1.61/cargo-udeps-v0.1.61-x86_64-apple-darwin.tar.gz"
url_api = "https://api.github.com/repos/est31/cargo-udeps/releases/assets/407802892"

[tools."github:est31/cargo-udeps"."platforms.windows-x64"]
checksum = "sha256:6920b6f493f0c13a28e32522ccb7efffcc57c8849d887366b19c599dc2238cc0"
url = "https://github.com/est31/cargo-udeps/releases/download/v0.1.61/cargo-udeps-v0.1.61-x86_64-pc-windows-msvc.zip"
url_api = "https://api.github.com/repos/est31/cargo-udeps/releases/assets/407804338"

[[tools.node]]
version = "24.13.0"
backend = "core:node"

[tools.node."platforms.linux-arm64"]
checksum = "sha256:0f6d40b94c6a2eb6b4c240ffc8b9fd3ada7ab044c177dd413c06e1ef9a63f081"
url = "https://nodejs.org/dist/v24.13.0/node-v24.13.0-linux-arm64.tar.gz"

[tools.node."platforms.linux-arm64-musl"]
checksum = "sha256:f8312012e07ff106a1c48ad08fc228f9434077e7f7462a2ffc6839c8e3f02935"
url = "https://unofficial-builds.nodejs.org/download/release/v24.13.0/node-v24.13.0-linux-arm64-musl.tar.gz"

[tools.node."platforms.linux-x64"]
checksum = "sha256:6223aad1a81f9d1e7b682c59d12e2de233f7b4c37475cd40d1c89c42b737ffa8"
url = "https://nodejs.org/dist/v24.13.0/node-v24.13.0-linux-x64.tar.gz"

[tools.node."platforms.linux-x64-musl"]
checksum = "sha256:e2750d9e00008d2eadcecc00e17c3060980ed26888de90a55f9873ebdcde74ac"
url = "https://unofficial-builds.nodejs.org/download/release/v24.13.0/node-v24.13.0-linux-x64-musl.tar.gz"

[tools.node."platforms.macos-arm64"]
checksum = "sha256:d595961e563fcae057d4a0fb992f175a54d97fcc4a14dc2d474d92ddeea3b9f8"
url = "https://nodejs.org/dist/v24.13.0/node-v24.13.0-darwin-arm64.tar.gz"

[tools.node."platforms.macos-x64"]
checksum = "sha256:6f03c1b48ddbe1b129a6f8038be08e0899f05f17185b4d3e4350180ab669a7f3"
url = "https://nodejs.org/dist/v24.13.0/node-v24.13.0-darwin-x64.tar.gz"

[tools.node."platforms.windows-x64"]
checksum = "sha256:ca2742695be8de44027d71b3f53a4bdb36009b95575fe1ae6f7f0b5ce091cb88"
url = "https://nodejs.org/dist/v24.13.0/node-v24.13.0-win-x64.zip"

[[tools.pnpm]]
version = "10.33.0"
backend = "aqua:pnpm/pnpm"

[tools.pnpm."platforms.linux-arm64"]
checksum = "sha256:06755ad2817548b84317d857d5c8003dc6e9e28416a3ea7467256c49ab400d48"
url = "https://github.com/pnpm/pnpm/releases/download/v10.33.0/pnpm-linux-arm64"

[tools.pnpm."platforms.linux-arm64-musl"]
checksum = "sha256:06755ad2817548b84317d857d5c8003dc6e9e28416a3ea7467256c49ab400d48"
url = "https://github.com/pnpm/pnpm/releases/download/v10.33.0/pnpm-linux-arm64"

[tools.pnpm."platforms.linux-x64"]
checksum = "sha256:8d4e8f7d778e8ac482022e2577011706a872542f6f6f233e795a4d9f978ea8b5"
url = "https://github.com/pnpm/pnpm/releases/download/v10.33.0/pnpm-linux-x64"

[tools.pnpm."platforms.linux-x64-musl"]
checksum = "sha256:8d4e8f7d778e8ac482022e2577011706a872542f6f6f233e795a4d9f978ea8b5"
url = "https://github.com/pnpm/pnpm/releases/download/v10.33.0/pnpm-linux-x64"

[tools.pnpm."platforms.macos-arm64"]
checksum = "sha256:ed8a1f140f4de457b01ebe0be3ae28e9a7e28863315dcd53d22ff1e5a32d63ae"
url = "https://github.com/pnpm/pnpm/releases/download/v10.33.0/pnpm-macos-arm64"

[tools.pnpm."platforms.macos-x64"]
checksum = "sha256:c31e29554b0e3f4e03f4617195c949595e4dca36085922003de4896c3ca4057d"
url = "https://github.com/pnpm/pnpm/releases/download/v10.33.0/pnpm-macos-x64"

[tools.pnpm."platforms.windows-x64"]
checksum = "sha256:afc96009dc39fe23a835d65192049e6a995f342496b175585dc2beda7d42d33f"
url = "https://github.com/pnpm/pnpm/releases/download/v10.33.0/pnpm-win-x64.exe"
