lockfileVersion: '9.0'

settings:
  autoInstallPeers: true
  excludeLinksFromLockfile: false

importers:

  .:
    dependencies:
      '@fontsource-variable/roboto':
        specifier: ^5.2.8
        version: 5.2.10
      '@fontsource-variable/roboto-mono':
        specifier: ^5.3.0
        version: 5.3.0

packages:

  '@fontsource-variable/roboto-mono@5.3.0':
    resolution: {integrity: sha512-h5r+KY/6qy8JEOj33JgcrFO81YAnvrc1EAwMpl/EPJLb2OIvOy0/jmB5M7qs7x/uXk5JUP5Ux4LrkeOK7faHkQ==}

  '@fontsource-variable/roboto@5.2.10':
    resolution: {integrity: sha512-LJ0iLg6aHbLzN515gyHzmdTqJzd9NlI95cCg1DW0F5G7KkFqRLBBKBbqEJx4nSu4aby3IKmw3ZH6Fe928IfaSQ==}

snapshots:

  '@fontsource-variable/roboto-mono@5.3.0': {}

  '@fontsource-variable/roboto@5.2.10': {}
