{
  "object": {
    "pins": [
      {
        "package": "combine-schedulers",
        "repositoryURL": "https://github.com/pointfreeco/combine-schedulers",
        "state": {
          "branch": null,
          "revision": "ec62f32d21584214a4b27c8cee2b2ad70ab2c38a",
          "version": "0.11.0"
        }
      },
      {
        "package": "swift-case-paths",
        "repositoryURL": "https://github.com/pointfreeco/swift-case-paths",
        "state": {
          "branch": null,
          "revision": "fc45e7b2cfece9dd80b5a45e6469ffe67fe67984",
          "version": "0.14.1"
        }
      },
      {
        "package": "swift-clocks",
        "repositoryURL": "https://github.com/pointfreeco/swift-clocks",
        "state": {
          "branch": null,
          "revision": "0fbaebfc013715dab44d715a4d350ba37f297e4d",
          "version": "0.4.0"
        }
      },
      {
        "package": "swift-concurrency-extras",
        "repositoryURL": "https://github.com/pointfreeco/swift-concurrency-extras",
        "state": {
          "branch": null,
          "revision": "479750bd98fac2e813fffcf2af0728b5b0085795",
          "version": "0.1.1"
        }
      },
      {
        "package": "swift-custom-dump",
        "repositoryURL": "https://github.com/pointfreeco/swift-custom-dump",
        "state": {
          "branch": null,
          "revision": "4a87bb75be70c983a9548597e8783236feb3401e",
          "version": "0.11.1"
        }
      },
      {
        "package": "swift-dependencies",
        "repositoryURL": "https://github.com/pointfreeco/swift-dependencies",
        "state": {
          "branch": null,
          "revision": "16fd42ae04c6e7f74a6a86395d04722c641cccee",
          "version": "0.6.0"
        }
      },
      {
        "package": "swiftui-navigation",
        "repositoryURL": "https://github.com/pointfreeco/swiftui-navigation",
        "state": {
          "branch": null,
          "revision": "2aa885e719087ee19df251c08a5980ad3e787f12",
          "version": "0.8.0"
        }
      },
      {
        "package": "xctest-dynamic-overlay",
        "repositoryURL": "https://github.com/pointfreeco/xctest-dynamic-overlay",
        "state": {
          "branch": null,
          "revision": "50843cbb8551db836adec2290bb4bc6bac5c1865",
          "version": "0.9.0"
        }
      }
    ]
  },
  "version": 1
}
