{
  "pins" : [
    {
      "identity" : "sentry-cocoa",
      "kind" : "remoteSourceControl",
      "location" : "https://github.com/getsentry/sentry-cocoa",
      "state" : {
        "revision" : "2c6c1b81d9f6e6178064b4e9b457abe1c118bcda",
        "version" : "8.49.0"
      }
    }
  ],
  "version" : 2
}
